
Microsoft Visual Studio Solution File, Format Version 12.00
# Visual Studio Version 17
VisualStudioVersion = 17.14.36705.20
MinimumVisualStudioVersion = 10.0.40219.1
Project("{8BC9CEB8-8B4A-11D0-8D11-00A0C91BC942}") = "Day01", "Day01\Day01.vcxproj", "{9C353CFA-A5B1-4EA7-85B6-4BB7D1FED551}"
EndProject
Project("{8BC9CEB8-8B4A-11D0-8D11-00A0C91BC942}") = "Day02", "Day02\Day02.vcxproj", "{B0E88550-B61B-44F8-A305-BA73EDDE8708}"
EndProject
Project("{8BC9CEB8-8B4A-11D0-8D11-00A0C91BC942}") = "Day03", "Day03\Day03.vcxproj", "{3D282520-6BE2-4577-A989-4B2B55E5C403}"
EndProject
Project("{8BC9CEB8-8B4A-11D0-8D11-00A0C91BC942}") = "Day04", "Day04\Day04.vcxproj", "{D3A160DF-FD49-439B-B6FB-8ABEAB866AE1}"
EndProject
Project("{8BC9CEB8-8B4A-11D0-8D11-00A0C91BC942}") = "Day05", "Day05\Day05.vcxproj", "{F43FF889-7B9C-44D8-BB5D-85AD66F4AF92}"
EndProject
Project("{8BC9CEB8-8B4A-11D0-8D11-00A0C91BC942}") = "Day06", "Day06\Day06.vcxproj", "{F6300083-95F3-43BC-BBA2-6FA435BAF74E}"
EndProject
Project("{8BC9CEB8-8B4A-11D0-8D11-00A0C91BC942}") = "Day07", "Day07\Day07.vcxproj", "{A6B2C354-D08E-4743-BF5F-1EEE0B71436A}"
EndProject
Project("{8BC9CEB8-8B4A-11D0-8D11-00A0C91BC942}") = "Day08", "Day08\Day08.vcxproj", "{1C81E973-E017-4701-86BE-D34426066EC9}"
EndProject
Global
	GlobalSection(SolutionConfigurationPlatforms) = preSolution
		Debug|x64 = Debug|x64
		Debug|x86 = Debug|x86
		Release|x64 = Release|x64
		Release|x86 = Release|x86
	EndGlobalSection
	GlobalSection(ProjectConfigurationPlatforms) = postSolution
		{9C353CFA-A5B1-4EA7-85B6-4BB7D1FED551}.Debug|x64.ActiveCfg = Debug|x64
		{9C353CFA-A5B1-4EA7-85B6-4BB7D1FED551}.Debug|x64.Build.0 = Debug|x64
		{9C353CFA-A5B1-4EA7-85B6-4BB7D1FED551}.Debug|x86.ActiveCfg = Debug|Win32
		{9C353CFA-A5B1-4EA7-85B6-4BB7D1FED551}.Debug|x86.Build.0 = Debug|Win32
		{9C353CFA-A5B1-4EA7-85B6-4BB7D1FED551}.Release|x64.ActiveCfg = Release|x64
		{9C353CFA-A5B1-4EA7-85B6-4BB7D1FED551}.Release|x64.Build.0 = Release|x64
		{9C353CFA-A5B1-4EA7-85B6-4BB7D1FED551}.Release|x86.ActiveCfg = Release|Win32
		{9C353CFA-A5B1-4EA7-85B6-4BB7D1FED551}.Release|x86.Build.0 = Release|Win32
		{B0E88550-B61B-44F8-A305-BA73EDDE8708}.Debug|x64.ActiveCfg = Debug|x64
		{B0E88550-B61B-44F8-A305-BA73EDDE8708}.Debug|x64.Build.0 = Debug|x64
		{B0E88550-B61B-44F8-A305-BA73EDDE8708}.Debug|x86.ActiveCfg = Debug|Win32
		{B0E88550-B61B-44F8-A305-BA73EDDE8708}.Debug|x86.Build.0 = Debug|Win32
		{B0E88550-B61B-44F8-A305-BA73EDDE8708}.Release|x64.ActiveCfg = Release|x64
		{B0E88550-B61B-44F8-A305-BA73EDDE8708}.Release|x64.Build.0 = Release|x64
		{B0E88550-B61B-44F8-A305-BA73EDDE8708}.Release|x86.ActiveCfg = Release|Win32
		{B0E88550-B61B-44F8-A305-BA73EDDE8708}.Release|x86.Build.0 = Release|Win32
		{3D282520-6BE2-4577-A989-4B2B55E5C403}.Debug|x64.ActiveCfg = Debug|x64
		{3D282520-6BE2-4577-A989-4B2B55E5C403}.Debug|x64.Build.0 = Debug|x64
		{3D282520-6BE2-4577-A989-4B2B55E5C403}.Debug|x86.ActiveCfg = Debug|Win32
		{3D282520-6BE2-4577-A989-4B2B55E5C403}.Debug|x86.Build.0 = Debug|Win32
		{3D282520-6BE2-4577-A989-4B2B55E5C403}.Release|x64.ActiveCfg = Release|x64
		{3D282520-6BE2-4577-A989-4B2B55E5C403}.Release|x64.Build.0 = Release|x64
		{3D282520-6BE2-4577-A989-4B2B55E5C403}.Release|x86.ActiveCfg = Release|Win32
		{3D282520-6BE2-4577-A989-4B2B55E5C403}.Release|x86.Build.0 = Release|Win32
		{D3A160DF-FD49-439B-B6FB-8ABEAB866AE1}.Debug|x64.ActiveCfg = Debug|x64
		{D3A160DF-FD49-439B-B6FB-8ABEAB866AE1}.Debug|x64.Build.0 = Debug|x64
		{D3A160DF-FD49-439B-B6FB-8ABEAB866AE1}.Debug|x86.ActiveCfg = Debug|Win32
		{D3A160DF-FD49-439B-B6FB-8ABEAB866AE1}.Debug|x86.Build.0 = Debug|Win32
		{D3A160DF-FD49-439B-B6FB-8ABEAB866AE1}.Release|x64.ActiveCfg = Release|x64
		{D3A160DF-FD49-439B-B6FB-8ABEAB866AE1}.Release|x64.Build.0 = Release|x64
		{D3A160DF-FD49-439B-B6FB-8ABEAB866AE1}.Release|x86.ActiveCfg = Release|Win32
		{D3A160DF-FD49-439B-B6FB-8ABEAB866AE1}.Release|x86.Build.0 = Release|Win32
		{F43FF889-7B9C-44D8-BB5D-85AD66F4AF92}.Debug|x64.ActiveCfg = Debug|x64
		{F43FF889-7B9C-44D8-BB5D-85AD66F4AF92}.Debug|x64.Build.0 = Debug|x64
		{F43FF889-7B9C-44D8-BB5D-85AD66F4AF92}.Debug|x86.ActiveCfg = Debug|Win32
		{F43FF889-7B9C-44D8-BB5D-85AD66F4AF92}.Debug|x86.Build.0 = Debug|Win32
		{F43FF889-7B9C-44D8-BB5D-85AD66F4AF92}.Release|x64.ActiveCfg = Release|x64
		{F43FF889-7B9C-44D8-BB5D-85AD66F4AF92}.Release|x64.Build.0 = Release|x64
		{F43FF889-7B9C-44D8-BB5D-85AD66F4AF92}.Release|x86.ActiveCfg = Release|Win32
		{F43FF889-7B9C-44D8-BB5D-85AD66F4AF92}.Release|x86.Build.0 = Release|Win32
		{F6300083-95F3-43BC-BBA2-6FA435BAF74E}.Debug|x64.ActiveCfg = Debug|x64
		{F6300083-95F3-43BC-BBA2-6FA435BAF74E}.Debug|x64.Build.0 = Debug|x64
		{F6300083-95F3-43BC-BBA2-6FA435BAF74E}.Debug|x86.ActiveCfg = Debug|Win32
		{F6300083-95F3-43BC-BBA2-6FA435BAF74E}.Debug|x86.Build.0 = Debug|Win32
		{F6300083-95F3-43BC-BBA2-6FA435BAF74E}.Release|x64.ActiveCfg = Release|x64
		{F6300083-95F3-43BC-BBA2-6FA435BAF74E}.Release|x64.Build.0 = Release|x64
		{F6300083-95F3-43BC-BBA2-6FA435BAF74E}.Release|x86.ActiveCfg = Release|Win32
		{F6300083-95F3-43BC-BBA2-6FA435BAF74E}.Release|x86.Build.0 = Release|Win32
		{A6B2C354-D08E-4743-BF5F-1EEE0B71436A}.Debug|x64.ActiveCfg = Debug|x64
		{A6B2C354-D08E-4743-BF5F-1EEE0B71436A}.Debug|x64.Build.0 = Debug|x64
		{A6B2C354-D08E-4743-BF5F-1EEE0B71436A}.Debug|x86.ActiveCfg = Debug|Win32
		{A6B2C354-D08E-4743-BF5F-1EEE0B71436A}.Debug|x86.Build.0 = Debug|Win32
		{A6B2C354-D08E-4743-BF5F-1EEE0B71436A}.Release|x64.ActiveCfg = Release|x64
		{A6B2C354-D08E-4743-BF5F-1EEE0B71436A}.Release|x64.Build.0 = Release|x64
		{A6B2C354-D08E-4743-BF5F-1EEE0B71436A}.Release|x86.ActiveCfg = Release|Win32
		{A6B2C354-D08E-4743-BF5F-1EEE0B71436A}.Release|x86.Build.0 = Release|Win32
		{1C81E973-E017-4701-86BE-D34426066EC9}.Debug|x64.ActiveCfg = Debug|x64
		{1C81E973-E017-4701-86BE-D34426066EC9}.Debug|x64.Build.0 = Debug|x64
		{1C81E973-E017-4701-86BE-D34426066EC9}.Debug|x86.ActiveCfg = Debug|Win32
		{1C81E973-E017-4701-86BE-D34426066EC9}.Debug|x86.Build.0 = Debug|Win32
		{1C81E973-E017-4701-86BE-D34426066EC9}.Release|x64.ActiveCfg = Release|x64
		{1C81E973-E017-4701-86BE-D34426066EC9}.Release|x64.Build.0 = Release|x64
		{1C81E973-E017-4701-86BE-D34426066EC9}.Release|x86.ActiveCfg = Release|Win32
		{1C81E973-E017-4701-86BE-D34426066EC9}.Release|x86.Build.0 = Release|Win32
	EndGlobalSection
	GlobalSection(SolutionProperties) = preSolution
		HideSolutionNode = FALSE
	EndGlobalSection
	GlobalSection(ExtensibilityGlobals) = postSolution
		SolutionGuid = {13C3BC1F-CAA3-446B-A67F-1344E39A5FC4}
	EndGlobalSection
EndGlobal
