
Microsoft Visual Studio Solution File, Format Version 12.00
# Visual Studio Version 17
VisualStudioVersion = 17.11.35431.28
MinimumVisualStudioVersion = 10.0.40219.1
Project("{8BC9CEB8-8B4A-11D0-8D11-00A0C91BC942}") = "Day01", "Day01\Day01.vcxproj", "{74740FA5-189C-4809-B174-B4D5EE69B5EC}"
EndProject
Project("{8BC9CEB8-8B4A-11D0-8D11-00A0C91BC942}") = "Day02", "Day02\Day02.vcxproj", "{F76877CC-9C79-4D72-B3FE-4B65257C6DE3}"
EndProject
Project("{8BC9CEB8-8B4A-11D0-8D11-00A0C91BC942}") = "Day03", "Day03\Day03.vcxproj", "{A7F9FAC0-E93E-470A-A32E-40C678411270}"
EndProject
Project("{8BC9CEB8-8B4A-11D0-8D11-00A0C91BC942}") = "Day04", "Day04\Day04.vcxproj", "{A57F8892-EF80-4D7B-994E-2C99D153DBA1}"
EndProject
Project("{8BC9CEB8-8B4A-11D0-8D11-00A0C91BC942}") = "Day05", "Day05\Day05.vcxproj", "{B88BBB1E-633D-4533-94B1-DE19FF71702F}"
EndProject
Project("{8BC9CEB8-8B4A-11D0-8D11-00A0C91BC942}") = "Day06", "Day06\Day06.vcxproj", "{48D42829-A982-404C-B22D-F1CB73479D85}"
EndProject
Project("{8BC9CEB8-8B4A-11D0-8D11-00A0C91BC942}") = "Day07", "Day07\Day07.vcxproj", "{5A84E17B-7EA9-4AFB-A52C-0F61B384BDFF}"
EndProject
Project("{8BC9CEB8-8B4A-11D0-8D11-00A0C91BC942}") = "Day08", "Day08\Day08.vcxproj", "{515D6803-C7B4-448D-B9AF-C3BD7B725C6B}"
EndProject
Project("{8BC9CEB8-8B4A-11D0-8D11-00A0C91BC942}") = "Day09", "Day09\Day09.vcxproj", "{206BA1FA-B443-4A39-86A2-664087FB197F}"
EndProject
Project("{8BC9CEB8-8B4A-11D0-8D11-00A0C91BC942}") = "Day10", "Day10\Day10.vcxproj", "{9570865B-8789-41F4-8C7F-85A9FE692322}"
EndProject
Project("{8BC9CEB8-8B4A-11D0-8D11-00A0C91BC942}") = "Day11", "Day11\Day11.vcxproj", "{EEB16F8D-DAFC-4E00-8505-841A8FF90DE1}"
EndProject
Project("{8BC9CEB8-8B4A-11D0-8D11-00A0C91BC942}") = "Day12", "Day12\Day12.vcxproj", "{27C115B6-775C-4A68-9633-2D70827DA31F}"
EndProject
Project("{8BC9CEB8-8B4A-11D0-8D11-00A0C91BC942}") = "Day13", "Day13\Day13.vcxproj", "{3C2CA48E-5B67-409C-A7A6-836A10D36BE8}"
EndProject
Project("{8BC9CEB8-8B4A-11D0-8D11-00A0C91BC942}") = "Day14", "Day14\Day14.vcxproj", "{99105CEC-CF77-4FD6-B957-ACAF18FBA6F7}"
EndProject
Project("{8BC9CEB8-8B4A-11D0-8D11-00A0C91BC942}") = "Day15", "Day15\Day15.vcxproj", "{6285505F-5E4E-4AC6-90D7-B3F03C734B87}"
EndProject
Project("{8BC9CEB8-8B4A-11D0-8D11-00A0C91BC942}") = "Day16", "Day16\Day16.vcxproj", "{1485EEE7-88EC-4AB3-A3D9-38C7979BD0C0}"
EndProject
Project("{8BC9CEB8-8B4A-11D0-8D11-00A0C91BC942}") = "Day17", "Day17\Day17.vcxproj", "{1F75952D-D801-4C19-8C69-C6D7938116D2}"
EndProject
Project("{8BC9CEB8-8B4A-11D0-8D11-00A0C91BC942}") = "Day18", "Day18\Day18.vcxproj", "{555F7144-0B25-4684-B15B-4620D598306C}"
EndProject
Project("{8BC9CEB8-8B4A-11D0-8D11-00A0C91BC942}") = "Day19", "Day19\Day19.vcxproj", "{EAE4AC06-8433-4722-83D0-87F5D01E7B88}"
EndProject
Global
	GlobalSection(SolutionConfigurationPlatforms) = preSolution
		Debug|x64 = Debug|x64
		Debug|x86 = Debug|x86
		Release|x64 = Release|x64
		Release|x86 = Release|x86
	EndGlobalSection
	GlobalSection(ProjectConfigurationPlatforms) = postSolution
		{74740FA5-189C-4809-B174-B4D5EE69B5EC}.Debug|x64.ActiveCfg = Debug|x64
		{74740FA5-189C-4809-B174-B4D5EE69B5EC}.Debug|x64.Build.0 = Debug|x64
		{74740FA5-189C-4809-B174-B4D5EE69B5EC}.Debug|x86.ActiveCfg = Debug|Win32
		{74740FA5-189C-4809-B174-B4D5EE69B5EC}.Debug|x86.Build.0 = Debug|Win32
		{74740FA5-189C-4809-B174-B4D5EE69B5EC}.Release|x64.ActiveCfg = Release|x64
		{74740FA5-189C-4809-B174-B4D5EE69B5EC}.Release|x64.Build.0 = Release|x64
		{74740FA5-189C-4809-B174-B4D5EE69B5EC}.Release|x86.ActiveCfg = Release|Win32
		{74740FA5-189C-4809-B174-B4D5EE69B5EC}.Release|x86.Build.0 = Release|Win32
		{F76877CC-9C79-4D72-B3FE-4B65257C6DE3}.Debug|x64.ActiveCfg = Debug|x64
		{F76877CC-9C79-4D72-B3FE-4B65257C6DE3}.Debug|x64.Build.0 = Debug|x64
		{F76877CC-9C79-4D72-B3FE-4B65257C6DE3}.Debug|x86.ActiveCfg = Debug|Win32
		{F76877CC-9C79-4D72-B3FE-4B65257C6DE3}.Debug|x86.Build.0 = Debug|Win32
		{F76877CC-9C79-4D72-B3FE-4B65257C6DE3}.Release|x64.ActiveCfg = Release|x64
		{F76877CC-9C79-4D72-B3FE-4B65257C6DE3}.Release|x64.Build.0 = Release|x64
		{F76877CC-9C79-4D72-B3FE-4B65257C6DE3}.Release|x86.ActiveCfg = Release|Win32
		{F76877CC-9C79-4D72-B3FE-4B65257C6DE3}.Release|x86.Build.0 = Release|Win32
		{A7F9FAC0-E93E-470A-A32E-40C678411270}.Debug|x64.ActiveCfg = Debug|x64
		{A7F9FAC0-E93E-470A-A32E-40C678411270}.Debug|x64.Build.0 = Debug|x64
		{A7F9FAC0-E93E-470A-A32E-40C678411270}.Debug|x86.ActiveCfg = Debug|Win32
		{A7F9FAC0-E93E-470A-A32E-40C678411270}.Debug|x86.Build.0 = Debug|Win32
		{A7F9FAC0-E93E-470A-A32E-40C678411270}.Release|x64.ActiveCfg = Release|x64
		{A7F9FAC0-E93E-470A-A32E-40C678411270}.Release|x64.Build.0 = Release|x64
		{A7F9FAC0-E93E-470A-A32E-40C678411270}.Release|x86.ActiveCfg = Release|Win32
		{A7F9FAC0-E93E-470A-A32E-40C678411270}.Release|x86.Build.0 = Release|Win32
		{A57F8892-EF80-4D7B-994E-2C99D153DBA1}.Debug|x64.ActiveCfg = Debug|x64
		{A57F8892-EF80-4D7B-994E-2C99D153DBA1}.Debug|x64.Build.0 = Debug|x64
		{A57F8892-EF80-4D7B-994E-2C99D153DBA1}.Debug|x86.ActiveCfg = Debug|Win32
		{A57F8892-EF80-4D7B-994E-2C99D153DBA1}.Debug|x86.Build.0 = Debug|Win32
		{A57F8892-EF80-4D7B-994E-2C99D153DBA1}.Release|x64.ActiveCfg = Release|x64
		{A57F8892-EF80-4D7B-994E-2C99D153DBA1}.Release|x64.Build.0 = Release|x64
		{A57F8892-EF80-4D7B-994E-2C99D153DBA1}.Release|x86.ActiveCfg = Release|Win32
		{A57F8892-EF80-4D7B-994E-2C99D153DBA1}.Release|x86.Build.0 = Release|Win32
		{B88BBB1E-633D-4533-94B1-DE19FF71702F}.Debug|x64.ActiveCfg = Debug|x64
		{B88BBB1E-633D-4533-94B1-DE19FF71702F}.Debug|x64.Build.0 = Debug|x64
		{B88BBB1E-633D-4533-94B1-DE19FF71702F}.Debug|x86.ActiveCfg = Debug|Win32
		{B88BBB1E-633D-4533-94B1-DE19FF71702F}.Debug|x86.Build.0 = Debug|Win32
		{B88BBB1E-633D-4533-94B1-DE19FF71702F}.Release|x64.ActiveCfg = Release|x64
		{B88BBB1E-633D-4533-94B1-DE19FF71702F}.Release|x64.Build.0 = Release|x64
		{B88BBB1E-633D-4533-94B1-DE19FF71702F}.Release|x86.ActiveCfg = Release|Win32
		{B88BBB1E-633D-4533-94B1-DE19FF71702F}.Release|x86.Build.0 = Release|Win32
		{48D42829-A982-404C-B22D-F1CB73479D85}.Debug|x64.ActiveCfg = Debug|x64
		{48D42829-A982-404C-B22D-F1CB73479D85}.Debug|x64.Build.0 = Debug|x64
		{48D42829-A982-404C-B22D-F1CB73479D85}.Debug|x86.ActiveCfg = Debug|Win32
		{48D42829-A982-404C-B22D-F1CB73479D85}.Debug|x86.Build.0 = Debug|Win32
		{48D42829-A982-404C-B22D-F1CB73479D85}.Release|x64.ActiveCfg = Release|x64
		{48D42829-A982-404C-B22D-F1CB73479D85}.Release|x64.Build.0 = Release|x64
		{48D42829-A982-404C-B22D-F1CB73479D85}.Release|x86.ActiveCfg = Release|Win32
		{48D42829-A982-404C-B22D-F1CB73479D85}.Release|x86.Build.0 = Release|Win32
		{5A84E17B-7EA9-4AFB-A52C-0F61B384BDFF}.Debug|x64.ActiveCfg = Debug|x64
		{5A84E17B-7EA9-4AFB-A52C-0F61B384BDFF}.Debug|x64.Build.0 = Debug|x64
		{5A84E17B-7EA9-4AFB-A52C-0F61B384BDFF}.Debug|x86.ActiveCfg = Debug|Win32
		{5A84E17B-7EA9-4AFB-A52C-0F61B384BDFF}.Debug|x86.Build.0 = Debug|Win32
		{5A84E17B-7EA9-4AFB-A52C-0F61B384BDFF}.Release|x64.ActiveCfg = Release|x64
		{5A84E17B-7EA9-4AFB-A52C-0F61B384BDFF}.Release|x64.Build.0 = Release|x64
		{5A84E17B-7EA9-4AFB-A52C-0F61B384BDFF}.Release|x86.ActiveCfg = Release|Win32
		{5A84E17B-7EA9-4AFB-A52C-0F61B384BDFF}.Release|x86.Build.0 = Release|Win32
		{515D6803-C7B4-448D-B9AF-C3BD7B725C6B}.Debug|x64.ActiveCfg = Debug|x64
		{515D6803-C7B4-448D-B9AF-C3BD7B725C6B}.Debug|x64.Build.0 = Debug|x64
		{515D6803-C7B4-448D-B9AF-C3BD7B725C6B}.Debug|x86.ActiveCfg = Debug|Win32
		{515D6803-C7B4-448D-B9AF-C3BD7B725C6B}.Debug|x86.Build.0 = Debug|Win32
		{515D6803-C7B4-448D-B9AF-C3BD7B725C6B}.Release|x64.ActiveCfg = Release|x64
		{515D6803-C7B4-448D-B9AF-C3BD7B725C6B}.Release|x64.Build.0 = Release|x64
		{515D6803-C7B4-448D-B9AF-C3BD7B725C6B}.Release|x86.ActiveCfg = Release|Win32
		{515D6803-C7B4-448D-B9AF-C3BD7B725C6B}.Release|x86.Build.0 = Release|Win32
		{206BA1FA-B443-4A39-86A2-664087FB197F}.Debug|x64.ActiveCfg = Debug|x64
		{206BA1FA-B443-4A39-86A2-664087FB197F}.Debug|x64.Build.0 = Debug|x64
		{206BA1FA-B443-4A39-86A2-664087FB197F}.Debug|x86.ActiveCfg = Debug|Win32
		{206BA1FA-B443-4A39-86A2-664087FB197F}.Debug|x86.Build.0 = Debug|Win32
		{206BA1FA-B443-4A39-86A2-664087FB197F}.Release|x64.ActiveCfg = Release|x64
		{206BA1FA-B443-4A39-86A2-664087FB197F}.Release|x64.Build.0 = Release|x64
		{206BA1FA-B443-4A39-86A2-664087FB197F}.Release|x86.ActiveCfg = Release|Win32
		{206BA1FA-B443-4A39-86A2-664087FB197F}.Release|x86.Build.0 = Release|Win32
		{9570865B-8789-41F4-8C7F-85A9FE692322}.Debug|x64.ActiveCfg = Debug|x64
		{9570865B-8789-41F4-8C7F-85A9FE692322}.Debug|x64.Build.0 = Debug|x64
		{9570865B-8789-41F4-8C7F-85A9FE692322}.Debug|x86.ActiveCfg = Debug|Win32
		{9570865B-8789-41F4-8C7F-85A9FE692322}.Debug|x86.Build.0 = Debug|Win32
		{9570865B-8789-41F4-8C7F-85A9FE692322}.Release|x64.ActiveCfg = Release|x64
		{9570865B-8789-41F4-8C7F-85A9FE692322}.Release|x64.Build.0 = Release|x64
		{9570865B-8789-41F4-8C7F-85A9FE692322}.Release|x86.ActiveCfg = Release|Win32
		{9570865B-8789-41F4-8C7F-85A9FE692322}.Release|x86.Build.0 = Release|Win32
		{EEB16F8D-DAFC-4E00-8505-841A8FF90DE1}.Debug|x64.ActiveCfg = Debug|x64
		{EEB16F8D-DAFC-4E00-8505-841A8FF90DE1}.Debug|x64.Build.0 = Debug|x64
		{EEB16F8D-DAFC-4E00-8505-841A8FF90DE1}.Debug|x86.ActiveCfg = Debug|Win32
		{EEB16F8D-DAFC-4E00-8505-841A8FF90DE1}.Debug|x86.Build.0 = Debug|Win32
		{EEB16F8D-DAFC-4E00-8505-841A8FF90DE1}.Release|x64.ActiveCfg = Release|x64
		{EEB16F8D-DAFC-4E00-8505-841A8FF90DE1}.Release|x64.Build.0 = Release|x64
		{EEB16F8D-DAFC-4E00-8505-841A8FF90DE1}.Release|x86.ActiveCfg = Release|Win32
		{EEB16F8D-DAFC-4E00-8505-841A8FF90DE1}.Release|x86.Build.0 = Release|Win32
		{27C115B6-775C-4A68-9633-2D70827DA31F}.Debug|x64.ActiveCfg = Debug|x64
		{27C115B6-775C-4A68-9633-2D70827DA31F}.Debug|x64.Build.0 = Debug|x64
		{27C115B6-775C-4A68-9633-2D70827DA31F}.Debug|x86.ActiveCfg = Debug|Win32
		{27C115B6-775C-4A68-9633-2D70827DA31F}.Debug|x86.Build.0 = Debug|Win32
		{27C115B6-775C-4A68-9633-2D70827DA31F}.Release|x64.ActiveCfg = Release|x64
		{27C115B6-775C-4A68-9633-2D70827DA31F}.Release|x64.Build.0 = Release|x64
		{27C115B6-775C-4A68-9633-2D70827DA31F}.Release|x86.ActiveCfg = Release|Win32
		{27C115B6-775C-4A68-9633-2D70827DA31F}.Release|x86.Build.0 = Release|Win32
		{3C2CA48E-5B67-409C-A7A6-836A10D36BE8}.Debug|x64.ActiveCfg = Debug|x64
		{3C2CA48E-5B67-409C-A7A6-836A10D36BE8}.Debug|x64.Build.0 = Debug|x64
		{3C2CA48E-5B67-409C-A7A6-836A10D36BE8}.Debug|x86.ActiveCfg = Debug|Win32
		{3C2CA48E-5B67-409C-A7A6-836A10D36BE8}.Debug|x86.Build.0 = Debug|Win32
		{3C2CA48E-5B67-409C-A7A6-836A10D36BE8}.Release|x64.ActiveCfg = Release|x64
		{3C2CA48E-5B67-409C-A7A6-836A10D36BE8}.Release|x64.Build.0 = Release|x64
		{3C2CA48E-5B67-409C-A7A6-836A10D36BE8}.Release|x86.ActiveCfg = Release|Win32
		{3C2CA48E-5B67-409C-A7A6-836A10D36BE8}.Release|x86.Build.0 = Release|Win32
		{99105CEC-CF77-4FD6-B957-ACAF18FBA6F7}.Debug|x64.ActiveCfg = Debug|x64
		{99105CEC-CF77-4FD6-B957-ACAF18FBA6F7}.Debug|x64.Build.0 = Debug|x64
		{99105CEC-CF77-4FD6-B957-ACAF18FBA6F7}.Debug|x86.ActiveCfg = Debug|Win32
		{99105CEC-CF77-4FD6-B957-ACAF18FBA6F7}.Debug|x86.Build.0 = Debug|Win32
		{99105CEC-CF77-4FD6-B957-ACAF18FBA6F7}.Release|x64.ActiveCfg = Release|x64
		{99105CEC-CF77-4FD6-B957-ACAF18FBA6F7}.Release|x64.Build.0 = Release|x64
		{99105CEC-CF77-4FD6-B957-ACAF18FBA6F7}.Release|x86.ActiveCfg = Release|Win32
		{99105CEC-CF77-4FD6-B957-ACAF18FBA6F7}.Release|x86.Build.0 = Release|Win32
		{6285505F-5E4E-4AC6-90D7-B3F03C734B87}.Debug|x64.ActiveCfg = Debug|x64
		{6285505F-5E4E-4AC6-90D7-B3F03C734B87}.Debug|x64.Build.0 = Debug|x64
		{6285505F-5E4E-4AC6-90D7-B3F03C734B87}.Debug|x86.ActiveCfg = Debug|Win32
		{6285505F-5E4E-4AC6-90D7-B3F03C734B87}.Debug|x86.Build.0 = Debug|Win32
		{6285505F-5E4E-4AC6-90D7-B3F03C734B87}.Release|x64.ActiveCfg = Release|x64
		{6285505F-5E4E-4AC6-90D7-B3F03C734B87}.Release|x64.Build.0 = Release|x64
		{6285505F-5E4E-4AC6-90D7-B3F03C734B87}.Release|x86.ActiveCfg = Release|Win32
		{6285505F-5E4E-4AC6-90D7-B3F03C734B87}.Release|x86.Build.0 = Release|Win32
		{1485EEE7-88EC-4AB3-A3D9-38C7979BD0C0}.Debug|x64.ActiveCfg = Debug|x64
		{1485EEE7-88EC-4AB3-A3D9-38C7979BD0C0}.Debug|x64.Build.0 = Debug|x64
		{1485EEE7-88EC-4AB3-A3D9-38C7979BD0C0}.Debug|x86.ActiveCfg = Debug|Win32
		{1485EEE7-88EC-4AB3-A3D9-38C7979BD0C0}.Debug|x86.Build.0 = Debug|Win32
		{1485EEE7-88EC-4AB3-A3D9-38C7979BD0C0}.Release|x64.ActiveCfg = Release|x64
		{1485EEE7-88EC-4AB3-A3D9-38C7979BD0C0}.Release|x64.Build.0 = Release|x64
		{1485EEE7-88EC-4AB3-A3D9-38C7979BD0C0}.Release|x86.ActiveCfg = Release|Win32
		{1485EEE7-88EC-4AB3-A3D9-38C7979BD0C0}.Release|x86.Build.0 = Release|Win32
		{1F75952D-D801-4C19-8C69-C6D7938116D2}.Debug|x64.ActiveCfg = Debug|x64
		{1F75952D-D801-4C19-8C69-C6D7938116D2}.Debug|x64.Build.0 = Debug|x64
		{1F75952D-D801-4C19-8C69-C6D7938116D2}.Debug|x86.ActiveCfg = Debug|Win32
		{1F75952D-D801-4C19-8C69-C6D7938116D2}.Debug|x86.Build.0 = Debug|Win32
		{1F75952D-D801-4C19-8C69-C6D7938116D2}.Release|x64.ActiveCfg = Release|x64
		{1F75952D-D801-4C19-8C69-C6D7938116D2}.Release|x64.Build.0 = Release|x64
		{1F75952D-D801-4C19-8C69-C6D7938116D2}.Release|x86.ActiveCfg = Release|Win32
		{1F75952D-D801-4C19-8C69-C6D7938116D2}.Release|x86.Build.0 = Release|Win32
		{555F7144-0B25-4684-B15B-4620D598306C}.Debug|x64.ActiveCfg = Debug|x64
		{555F7144-0B25-4684-B15B-4620D598306C}.Debug|x64.Build.0 = Debug|x64
		{555F7144-0B25-4684-B15B-4620D598306C}.Debug|x86.ActiveCfg = Debug|Win32
		{555F7144-0B25-4684-B15B-4620D598306C}.Debug|x86.Build.0 = Debug|Win32
		{555F7144-0B25-4684-B15B-4620D598306C}.Release|x64.ActiveCfg = Release|x64
		{555F7144-0B25-4684-B15B-4620D598306C}.Release|x64.Build.0 = Release|x64
		{555F7144-0B25-4684-B15B-4620D598306C}.Release|x86.ActiveCfg = Release|Win32
		{555F7144-0B25-4684-B15B-4620D598306C}.Release|x86.Build.0 = Release|Win32
		{EAE4AC06-8433-4722-83D0-87F5D01E7B88}.Debug|x64.ActiveCfg = Debug|x64
		{EAE4AC06-8433-4722-83D0-87F5D01E7B88}.Debug|x64.Build.0 = Debug|x64
		{EAE4AC06-8433-4722-83D0-87F5D01E7B88}.Debug|x86.ActiveCfg = Debug|Win32
		{EAE4AC06-8433-4722-83D0-87F5D01E7B88}.Debug|x86.Build.0 = Debug|Win32
		{EAE4AC06-8433-4722-83D0-87F5D01E7B88}.Release|x64.ActiveCfg = Release|x64
		{EAE4AC06-8433-4722-83D0-87F5D01E7B88}.Release|x64.Build.0 = Release|x64
		{EAE4AC06-8433-4722-83D0-87F5D01E7B88}.Release|x86.ActiveCfg = Release|Win32
		{EAE4AC06-8433-4722-83D0-87F5D01E7B88}.Release|x86.Build.0 = Release|Win32
	EndGlobalSection
	GlobalSection(SolutionProperties) = preSolution
		HideSolutionNode = FALSE
	EndGlobalSection
	GlobalSection(ExtensibilityGlobals) = postSolution
		SolutionGuid = {4A92D718-2601-4AB2-AEE7-E9A300EA4590}
	EndGlobalSection
EndGlobal
