
Microsoft Visual Studio Solution File, Format Version 12.00
# Visual Studio Version 17
VisualStudioVersion = 17.11.35431.28
MinimumVisualStudioVersion = 10.0.40219.1
Project("{8BC9CEB8-8B4A-11D0-8D11-00A0C91BC942}") = "Day01", "Day01\Day01.vcxproj", "{74740FA5-189C-4809-B174-B4D5EE69B5EC}"
EndProject
Project("{8BC9CEB8-8B4A-11D0-8D11-00A0C91BC942}") = "Day02", "Day02\Day02.vcxproj", "{F76877CC-9C79-4D72-B3FE-4B65257C6DE3}"
EndProject
Project("{8BC9CEB8-8B4A-11D0-8D11-00A0C91BC942}") = "Day03", "Day03\Day03.vcxproj", "{A7F9FAC0-E93E-470A-A32E-40C678411270}"
EndProject
Project("{8BC9CEB8-8B4A-11D0-8D11-00A0C91BC942}") = "Day04", "Day04\Day04.vcxproj", "{A57F8892-EF80-4D7B-994E-2C99D153DBA1}"
EndProject
Project("{8BC9CEB8-8B4A-11D0-8D11-00A0C91BC942}") = "Day05", "Day05\Day05.vcxproj", "{B88BBB1E-633D-4533-94B1-DE19FF71702F}"
EndProject
Project("{8BC9CEB8-8B4A-11D0-8D11-00A0C91BC942}") = "Day06", "Day06\Day06.vcxproj", "{48D42829-A982-404C-B22D-F1CB73479D85}"
EndProject
Project("{8BC9CEB8-8B4A-11D0-8D11-00A0C91BC942}") = "Day07", "Day07\Day07.vcxproj", "{5A84E17B-7EA9-4AFB-A52C-0F61B384BDFF}"
EndProject
Global
	GlobalSection(SolutionConfigurationPlatforms) = preSolution
		Debug|x64 = Debug|x64
		Debug|x86 = Debug|x86
		Release|x64 = Release|x64
		Release|x86 = Release|x86
	EndGlobalSection
	GlobalSection(ProjectConfigurationPlatforms) = postSolution
		{74740FA5-189C-4809-B174-B4D5EE69B5EC}.Debug|x64.ActiveCfg = Debug|x64
		{74740FA5-189C-4809-B174-B4D5EE69B5EC}.Debug|x64.Build.0 = Debug|x64
		{74740FA5-189C-4809-B174-B4D5EE69B5EC}.Debug|x86.ActiveCfg = Debug|Win32
		{74740FA5-189C-4809-B174-B4D5EE69B5EC}.Debug|x86.Build.0 = Debug|Win32
		{74740FA5-189C-4809-B174-B4D5EE69B5EC}.Release|x64.ActiveCfg = Release|x64
		{74740FA5-189C-4809-B174-B4D5EE69B5EC}.Release|x64.Build.0 = Release|x64
		{74740FA5-189C-4809-B174-B4D5EE69B5EC}.Release|x86.ActiveCfg = Release|Win32
		{74740FA5-189C-4809-B174-B4D5EE69B5EC}.Release|x86.Build.0 = Release|Win32
		{F76877CC-9C79-4D72-B3FE-4B65257C6DE3}.Debug|x64.ActiveCfg = Debug|x64
		{F76877CC-9C79-4D72-B3FE-4B65257C6DE3}.Debug|x64.Build.0 = Debug|x64
		{F76877CC-9C79-4D72-B3FE-4B65257C6DE3}.Debug|x86.ActiveCfg = Debug|Win32
		{F76877CC-9C79-4D72-B3FE-4B65257C6DE3}.Debug|x86.Build.0 = Debug|Win32
		{F76877CC-9C79-4D72-B3FE-4B65257C6DE3}.Release|x64.ActiveCfg = Release|x64
		{F76877CC-9C79-4D72-B3FE-4B65257C6DE3}.Release|x64.Build.0 = Release|x64
		{F76877CC-9C79-4D72-B3FE-4B65257C6DE3}.Release|x86.ActiveCfg = Release|Win32
		{F76877CC-9C79-4D72-B3FE-4B65257C6DE3}.Release|x86.Build.0 = Release|Win32
		{A7F9FAC0-E93E-470A-A32E-40C678411270}.Debug|x64.ActiveCfg = Debug|x64
		{A7F9FAC0-E93E-470A-A32E-40C678411270}.Debug|x64.Build.0 = Debug|x64
		{A7F9FAC0-E93E-470A-A32E-40C678411270}.Debug|x86.ActiveCfg = Debug|Win32
		{A7F9FAC0-E93E-470A-A32E-40C678411270}.Debug|x86.Build.0 = Debug|Win32
		{A7F9FAC0-E93E-470A-A32E-40C678411270}.Release|x64.ActiveCfg = Release|x64
		{A7F9FAC0-E93E-470A-A32E-40C678411270}.Release|x64.Build.0 = Release|x64
		{A7F9FAC0-E93E-470A-A32E-40C678411270}.Release|x86.ActiveCfg = Release|Win32
		{A7F9FAC0-E93E-470A-A32E-40C678411270}.Release|x86.Build.0 = Release|Win32
		{A57F8892-EF80-4D7B-994E-2C99D153DBA1}.Debug|x64.ActiveCfg = Debug|x64
		{A57F8892-EF80-4D7B-994E-2C99D153DBA1}.Debug|x64.Build.0 = Debug|x64
		{A57F8892-EF80-4D7B-994E-2C99D153DBA1}.Debug|x86.ActiveCfg = Debug|Win32
		{A57F8892-EF80-4D7B-994E-2C99D153DBA1}.Debug|x86.Build.0 = Debug|Win32
		{A57F8892-EF80-4D7B-994E-2C99D153DBA1}.Release|x64.ActiveCfg = Release|x64
		{A57F8892-EF80-4D7B-994E-2C99D153DBA1}.Release|x64.Build.0 = Release|x64
		{A57F8892-EF80-4D7B-994E-2C99D153DBA1}.Release|x86.ActiveCfg = Release|Win32
		{A57F8892-EF80-4D7B-994E-2C99D153DBA1}.Release|x86.Build.0 = Release|Win32
		{B88BBB1E-633D-4533-94B1-DE19FF71702F}.Debug|x64.ActiveCfg = Debug|x64
		{B88BBB1E-633D-4533-94B1-DE19FF71702F}.Debug|x64.Build.0 = Debug|x64
		{B88BBB1E-633D-4533-94B1-DE19FF71702F}.Debug|x86.ActiveCfg = Debug|Win32
		{B88BBB1E-633D-4533-94B1-DE19FF71702F}.Debug|x86.Build.0 = Debug|Win32
		{B88BBB1E-633D-4533-94B1-DE19FF71702F}.Release|x64.ActiveCfg = Release|x64
		{B88BBB1E-633D-4533-94B1-DE19FF71702F}.Release|x64.Build.0 = Release|x64
		{B88BBB1E-633D-4533-94B1-DE19FF71702F}.Release|x86.ActiveCfg = Release|Win32
		{B88BBB1E-633D-4533-94B1-DE19FF71702F}.Release|x86.Build.0 = Release|Win32
		{48D42829-A982-404C-B22D-F1CB73479D85}.Debug|x64.ActiveCfg = Debug|x64
		{48D42829-A982-404C-B22D-F1CB73479D85}.Debug|x64.Build.0 = Debug|x64
		{48D42829-A982-404C-B22D-F1CB73479D85}.Debug|x86.ActiveCfg = Debug|Win32
		{48D42829-A982-404C-B22D-F1CB73479D85}.Debug|x86.Build.0 = Debug|Win32
		{48D42829-A982-404C-B22D-F1CB73479D85}.Release|x64.ActiveCfg = Release|x64
		{48D42829-A982-404C-B22D-F1CB73479D85}.Release|x64.Build.0 = Release|x64
		{48D42829-A982-404C-B22D-F1CB73479D85}.Release|x86.ActiveCfg = Release|Win32
		{48D42829-A982-404C-B22D-F1CB73479D85}.Release|x86.Build.0 = Release|Win32
		{5A84E17B-7EA9-4AFB-A52C-0F61B384BDFF}.Debug|x64.ActiveCfg = Debug|x64
		{5A84E17B-7EA9-4AFB-A52C-0F61B384BDFF}.Debug|x64.Build.0 = Debug|x64
		{5A84E17B-7EA9-4AFB-A52C-0F61B384BDFF}.Debug|x86.ActiveCfg = Debug|Win32
		{5A84E17B-7EA9-4AFB-A52C-0F61B384BDFF}.Debug|x86.Build.0 = Debug|Win32
		{5A84E17B-7EA9-4AFB-A52C-0F61B384BDFF}.Release|x64.ActiveCfg = Release|x64
		{5A84E17B-7EA9-4AFB-A52C-0F61B384BDFF}.Release|x64.Build.0 = Release|x64
		{5A84E17B-7EA9-4AFB-A52C-0F61B384BDFF}.Release|x86.ActiveCfg = Release|Win32
		{5A84E17B-7EA9-4AFB-A52C-0F61B384BDFF}.Release|x86.Build.0 = Release|Win32
	EndGlobalSection
	GlobalSection(SolutionProperties) = preSolution
		HideSolutionNode = FALSE
	EndGlobalSection
	GlobalSection(ExtensibilityGlobals) = postSolution
		SolutionGuid = {4A92D718-2601-4AB2-AEE7-E9A300EA4590}
	EndGlobalSection
EndGlobal
