
Microsoft Visual Studio Solution File, Format Version 12.00
# Visual Studio 15
VisualStudioVersion = 15.0.28010.2019
MinimumVisualStudioVersion = 10.0.40219.1
Project("{8BC9CEB8-8B4A-11D0-8D11-00A0C91BC942}") = "Day1", "Day1\Day1.vcxproj", "{EE676B4A-3546-486C-A13E-C3FCD6D62A80}"
EndProject
Project("{8BC9CEB8-8B4A-11D0-8D11-00A0C91BC942}") = "Day2", "Day2\Day2.vcxproj", "{74E931A6-E3A7-4B91-A30F-7C8DC7B5C808}"
EndProject
Project("{8BC9CEB8-8B4A-11D0-8D11-00A0C91BC942}") = "Day3", "Day3\Day3.vcxproj", "{DD47BB46-26E4-422E-A337-FC0249B074A8}"
EndProject
Project("{8BC9CEB8-8B4A-11D0-8D11-00A0C91BC942}") = "Day4", "Day4\Day4.vcxproj", "{AC8CF5D4-EB22-4B73-9375-83CAE5D3A414}"
EndProject
Project("{8BC9CEB8-8B4A-11D0-8D11-00A0C91BC942}") = "Day5", "Day5\Day5.vcxproj", "{28C65197-AA97-467D-A918-33B07DF8448A}"
EndProject
Project("{8BC9CEB8-8B4A-11D0-8D11-00A0C91BC942}") = "Day6", "Day6\Day6.vcxproj", "{0FBCCA3C-3FEA-48C9-9757-28B1E4FEE43C}"
EndProject
Project("{8BC9CEB8-8B4A-11D0-8D11-00A0C91BC942}") = "Day7", "Day7\Day7.vcxproj", "{77153766-504C-421B-B23A-F6CBD3C9846B}"
EndProject
Project("{8BC9CEB8-8B4A-11D0-8D11-00A0C91BC942}") = "Day8", "Day8\Day8.vcxproj", "{C314A82B-9E90-4949-858A-000ADF7D5FA4}"
EndProject
Project("{8BC9CEB8-8B4A-11D0-8D11-00A0C91BC942}") = "Day9", "Day9\Day9.vcxproj", "{760D41DE-2104-4F8F-8CD8-05E1BCD949FD}"
EndProject
Project("{8BC9CEB8-8B4A-11D0-8D11-00A0C91BC942}") = "Day10", "Day10\Day10.vcxproj", "{B10AF31B-FCF7-4DD8-B743-8DB85F1DD57B}"
EndProject
Project("{8BC9CEB8-8B4A-11D0-8D11-00A0C91BC942}") = "Day11", "Day11\Day11.vcxproj", "{5EFBA263-BE0C-4CF2-A761-B046044C3412}"
EndProject
Project("{8BC9CEB8-8B4A-11D0-8D11-00A0C91BC942}") = "Day12", "Day12\Day12.vcxproj", "{CAC0A77E-9F53-4FD6-800B-AAE823D3F7C1}"
EndProject
Project("{8BC9CEB8-8B4A-11D0-8D11-00A0C91BC942}") = "Day13", "Day13\Day13.vcxproj", "{A9753CDB-56D7-4AF5-BB99-80A3E1CFCA0E}"
EndProject
Project("{8BC9CEB8-8B4A-11D0-8D11-00A0C91BC942}") = "Day14", "Day14\Day14.vcxproj", "{1310402A-2810-4BB7-B198-EEECEE1175B8}"
EndProject
Project("{8BC9CEB8-8B4A-11D0-8D11-00A0C91BC942}") = "Day15", "Day15\Day15.vcxproj", "{2F8BA35D-5D02-4F0D-858E-D0C57E1EBA53}"
EndProject
Project("{8BC9CEB8-8B4A-11D0-8D11-00A0C91BC942}") = "Day16", "Day16\Day16.vcxproj", "{9A66514F-ABB0-47FF-A9CF-625E0408A98F}"
EndProject
Project("{8BC9CEB8-8B4A-11D0-8D11-00A0C91BC942}") = "Day17", "Day17\Day17.vcxproj", "{4C7B1F66-D156-472F-A306-1AEA3C701184}"
EndProject
Project("{8BC9CEB8-8B4A-11D0-8D11-00A0C91BC942}") = "Day18", "Day18\Day18.vcxproj", "{E49A5C25-40E5-4127-8B75-37796C9A62F8}"
EndProject
Project("{8BC9CEB8-8B4A-11D0-8D11-00A0C91BC942}") = "Day19", "Day19\Day19.vcxproj", "{3FF369E5-ABC5-4538-8311-4ACE23B697F6}"
EndProject
Project("{8BC9CEB8-8B4A-11D0-8D11-00A0C91BC942}") = "Day20", "Day20\Day20.vcxproj", "{2D91288E-07B5-4AF2-9B4F-B553522A7B32}"
EndProject
Project("{8BC9CEB8-8B4A-11D0-8D11-00A0C91BC942}") = "Day21", "Day21\Day21.vcxproj", "{469A41AE-983C-4A98-A931-91C1652FC3EA}"
EndProject
Project("{8BC9CEB8-8B4A-11D0-8D11-00A0C91BC942}") = "Day22", "Day22\Day22.vcxproj", "{16B5CA4C-10B5-46EF-9CEC-FFD9E936EFC0}"
EndProject
Project("{8BC9CEB8-8B4A-11D0-8D11-00A0C91BC942}") = "Day23", "Day23\Day23.vcxproj", "{38331B73-05E4-49C7-9951-F93EEBFDFFC0}"
EndProject
Project("{8BC9CEB8-8B4A-11D0-8D11-00A0C91BC942}") = "Day24", "Day24\Day24.vcxproj", "{9A647A71-5AE0-412A-8F68-0267D905AC00}"
EndProject
Global
	GlobalSection(SolutionConfigurationPlatforms) = preSolution
		Debug|x64 = Debug|x64
		Debug|x86 = Debug|x86
		Release|x64 = Release|x64
		Release|x86 = Release|x86
	EndGlobalSection
	GlobalSection(ProjectConfigurationPlatforms) = postSolution
		{EE676B4A-3546-486C-A13E-C3FCD6D62A80}.Debug|x64.ActiveCfg = Debug|x64
		{EE676B4A-3546-486C-A13E-C3FCD6D62A80}.Debug|x64.Build.0 = Debug|x64
		{EE676B4A-3546-486C-A13E-C3FCD6D62A80}.Debug|x86.ActiveCfg = Debug|Win32
		{EE676B4A-3546-486C-A13E-C3FCD6D62A80}.Debug|x86.Build.0 = Debug|Win32
		{EE676B4A-3546-486C-A13E-C3FCD6D62A80}.Release|x64.ActiveCfg = Release|x64
		{EE676B4A-3546-486C-A13E-C3FCD6D62A80}.Release|x64.Build.0 = Release|x64
		{EE676B4A-3546-486C-A13E-C3FCD6D62A80}.Release|x86.ActiveCfg = Release|Win32
		{EE676B4A-3546-486C-A13E-C3FCD6D62A80}.Release|x86.Build.0 = Release|Win32
		{74E931A6-E3A7-4B91-A30F-7C8DC7B5C808}.Debug|x64.ActiveCfg = Debug|x64
		{74E931A6-E3A7-4B91-A30F-7C8DC7B5C808}.Debug|x64.Build.0 = Debug|x64
		{74E931A6-E3A7-4B91-A30F-7C8DC7B5C808}.Debug|x86.ActiveCfg = Debug|Win32
		{74E931A6-E3A7-4B91-A30F-7C8DC7B5C808}.Debug|x86.Build.0 = Debug|Win32
		{74E931A6-E3A7-4B91-A30F-7C8DC7B5C808}.Release|x64.ActiveCfg = Release|x64
		{74E931A6-E3A7-4B91-A30F-7C8DC7B5C808}.Release|x64.Build.0 = Release|x64
		{74E931A6-E3A7-4B91-A30F-7C8DC7B5C808}.Release|x86.ActiveCfg = Release|Win32
		{74E931A6-E3A7-4B91-A30F-7C8DC7B5C808}.Release|x86.Build.0 = Release|Win32
		{DD47BB46-26E4-422E-A337-FC0249B074A8}.Debug|x64.ActiveCfg = Debug|x64
		{DD47BB46-26E4-422E-A337-FC0249B074A8}.Debug|x64.Build.0 = Debug|x64
		{DD47BB46-26E4-422E-A337-FC0249B074A8}.Debug|x86.ActiveCfg = Debug|Win32
		{DD47BB46-26E4-422E-A337-FC0249B074A8}.Debug|x86.Build.0 = Debug|Win32
		{DD47BB46-26E4-422E-A337-FC0249B074A8}.Release|x64.ActiveCfg = Release|x64
		{DD47BB46-26E4-422E-A337-FC0249B074A8}.Release|x64.Build.0 = Release|x64
		{DD47BB46-26E4-422E-A337-FC0249B074A8}.Release|x86.ActiveCfg = Release|Win32
		{DD47BB46-26E4-422E-A337-FC0249B074A8}.Release|x86.Build.0 = Release|Win32
		{AC8CF5D4-EB22-4B73-9375-83CAE5D3A414}.Debug|x64.ActiveCfg = Debug|x64
		{AC8CF5D4-EB22-4B73-9375-83CAE5D3A414}.Debug|x64.Build.0 = Debug|x64
		{AC8CF5D4-EB22-4B73-9375-83CAE5D3A414}.Debug|x86.ActiveCfg = Debug|Win32
		{AC8CF5D4-EB22-4B73-9375-83CAE5D3A414}.Debug|x86.Build.0 = Debug|Win32
		{AC8CF5D4-EB22-4B73-9375-83CAE5D3A414}.Release|x64.ActiveCfg = Release|x64
		{AC8CF5D4-EB22-4B73-9375-83CAE5D3A414}.Release|x64.Build.0 = Release|x64
		{AC8CF5D4-EB22-4B73-9375-83CAE5D3A414}.Release|x86.ActiveCfg = Release|Win32
		{AC8CF5D4-EB22-4B73-9375-83CAE5D3A414}.Release|x86.Build.0 = Release|Win32
		{28C65197-AA97-467D-A918-33B07DF8448A}.Debug|x64.ActiveCfg = Debug|x64
		{28C65197-AA97-467D-A918-33B07DF8448A}.Debug|x64.Build.0 = Debug|x64
		{28C65197-AA97-467D-A918-33B07DF8448A}.Debug|x86.ActiveCfg = Debug|Win32
		{28C65197-AA97-467D-A918-33B07DF8448A}.Debug|x86.Build.0 = Debug|Win32
		{28C65197-AA97-467D-A918-33B07DF8448A}.Release|x64.ActiveCfg = Release|x64
		{28C65197-AA97-467D-A918-33B07DF8448A}.Release|x64.Build.0 = Release|x64
		{28C65197-AA97-467D-A918-33B07DF8448A}.Release|x86.ActiveCfg = Release|Win32
		{28C65197-AA97-467D-A918-33B07DF8448A}.Release|x86.Build.0 = Release|Win32
		{0FBCCA3C-3FEA-48C9-9757-28B1E4FEE43C}.Debug|x64.ActiveCfg = Debug|x64
		{0FBCCA3C-3FEA-48C9-9757-28B1E4FEE43C}.Debug|x64.Build.0 = Debug|x64
		{0FBCCA3C-3FEA-48C9-9757-28B1E4FEE43C}.Debug|x86.ActiveCfg = Debug|Win32
		{0FBCCA3C-3FEA-48C9-9757-28B1E4FEE43C}.Debug|x86.Build.0 = Debug|Win32
		{0FBCCA3C-3FEA-48C9-9757-28B1E4FEE43C}.Release|x64.ActiveCfg = Release|x64
		{0FBCCA3C-3FEA-48C9-9757-28B1E4FEE43C}.Release|x64.Build.0 = Release|x64
		{0FBCCA3C-3FEA-48C9-9757-28B1E4FEE43C}.Release|x86.ActiveCfg = Release|Win32
		{0FBCCA3C-3FEA-48C9-9757-28B1E4FEE43C}.Release|x86.Build.0 = Release|Win32
		{77153766-504C-421B-B23A-F6CBD3C9846B}.Debug|x64.ActiveCfg = Debug|x64
		{77153766-504C-421B-B23A-F6CBD3C9846B}.Debug|x64.Build.0 = Debug|x64
		{77153766-504C-421B-B23A-F6CBD3C9846B}.Debug|x86.ActiveCfg = Debug|Win32
		{77153766-504C-421B-B23A-F6CBD3C9846B}.Debug|x86.Build.0 = Debug|Win32
		{77153766-504C-421B-B23A-F6CBD3C9846B}.Release|x64.ActiveCfg = Release|x64
		{77153766-504C-421B-B23A-F6CBD3C9846B}.Release|x64.Build.0 = Release|x64
		{77153766-504C-421B-B23A-F6CBD3C9846B}.Release|x86.ActiveCfg = Release|Win32
		{77153766-504C-421B-B23A-F6CBD3C9846B}.Release|x86.Build.0 = Release|Win32
		{C314A82B-9E90-4949-858A-000ADF7D5FA4}.Debug|x64.ActiveCfg = Debug|x64
		{C314A82B-9E90-4949-858A-000ADF7D5FA4}.Debug|x64.Build.0 = Debug|x64
		{C314A82B-9E90-4949-858A-000ADF7D5FA4}.Debug|x86.ActiveCfg = Debug|Win32
		{C314A82B-9E90-4949-858A-000ADF7D5FA4}.Debug|x86.Build.0 = Debug|Win32
		{C314A82B-9E90-4949-858A-000ADF7D5FA4}.Release|x64.ActiveCfg = Release|x64
		{C314A82B-9E90-4949-858A-000ADF7D5FA4}.Release|x64.Build.0 = Release|x64
		{C314A82B-9E90-4949-858A-000ADF7D5FA4}.Release|x86.ActiveCfg = Release|Win32
		{C314A82B-9E90-4949-858A-000ADF7D5FA4}.Release|x86.Build.0 = Release|Win32
		{760D41DE-2104-4F8F-8CD8-05E1BCD949FD}.Debug|x64.ActiveCfg = Debug|x64
		{760D41DE-2104-4F8F-8CD8-05E1BCD949FD}.Debug|x64.Build.0 = Debug|x64
		{760D41DE-2104-4F8F-8CD8-05E1BCD949FD}.Debug|x86.ActiveCfg = Debug|Win32
		{760D41DE-2104-4F8F-8CD8-05E1BCD949FD}.Debug|x86.Build.0 = Debug|Win32
		{760D41DE-2104-4F8F-8CD8-05E1BCD949FD}.Release|x64.ActiveCfg = Release|x64
		{760D41DE-2104-4F8F-8CD8-05E1BCD949FD}.Release|x64.Build.0 = Release|x64
		{760D41DE-2104-4F8F-8CD8-05E1BCD949FD}.Release|x86.ActiveCfg = Release|Win32
		{760D41DE-2104-4F8F-8CD8-05E1BCD949FD}.Release|x86.Build.0 = Release|Win32
		{B10AF31B-FCF7-4DD8-B743-8DB85F1DD57B}.Debug|x64.ActiveCfg = Debug|x64
		{B10AF31B-FCF7-4DD8-B743-8DB85F1DD57B}.Debug|x64.Build.0 = Debug|x64
		{B10AF31B-FCF7-4DD8-B743-8DB85F1DD57B}.Debug|x86.ActiveCfg = Debug|Win32
		{B10AF31B-FCF7-4DD8-B743-8DB85F1DD57B}.Debug|x86.Build.0 = Debug|Win32
		{B10AF31B-FCF7-4DD8-B743-8DB85F1DD57B}.Release|x64.ActiveCfg = Release|x64
		{B10AF31B-FCF7-4DD8-B743-8DB85F1DD57B}.Release|x64.Build.0 = Release|x64
		{B10AF31B-FCF7-4DD8-B743-8DB85F1DD57B}.Release|x86.ActiveCfg = Release|Win32
		{B10AF31B-FCF7-4DD8-B743-8DB85F1DD57B}.Release|x86.Build.0 = Release|Win32
		{5EFBA263-BE0C-4CF2-A761-B046044C3412}.Debug|x64.ActiveCfg = Debug|x64
		{5EFBA263-BE0C-4CF2-A761-B046044C3412}.Debug|x64.Build.0 = Debug|x64
		{5EFBA263-BE0C-4CF2-A761-B046044C3412}.Debug|x86.ActiveCfg = Debug|Win32
		{5EFBA263-BE0C-4CF2-A761-B046044C3412}.Debug|x86.Build.0 = Debug|Win32
		{5EFBA263-BE0C-4CF2-A761-B046044C3412}.Release|x64.ActiveCfg = Release|x64
		{5EFBA263-BE0C-4CF2-A761-B046044C3412}.Release|x64.Build.0 = Release|x64
		{5EFBA263-BE0C-4CF2-A761-B046044C3412}.Release|x86.ActiveCfg = Release|Win32
		{5EFBA263-BE0C-4CF2-A761-B046044C3412}.Release|x86.Build.0 = Release|Win32
		{CAC0A77E-9F53-4FD6-800B-AAE823D3F7C1}.Debug|x64.ActiveCfg = Debug|x64
		{CAC0A77E-9F53-4FD6-800B-AAE823D3F7C1}.Debug|x64.Build.0 = Debug|x64
		{CAC0A77E-9F53-4FD6-800B-AAE823D3F7C1}.Debug|x86.ActiveCfg = Debug|Win32
		{CAC0A77E-9F53-4FD6-800B-AAE823D3F7C1}.Debug|x86.Build.0 = Debug|Win32
		{CAC0A77E-9F53-4FD6-800B-AAE823D3F7C1}.Release|x64.ActiveCfg = Release|x64
		{CAC0A77E-9F53-4FD6-800B-AAE823D3F7C1}.Release|x64.Build.0 = Release|x64
		{CAC0A77E-9F53-4FD6-800B-AAE823D3F7C1}.Release|x86.ActiveCfg = Release|Win32
		{CAC0A77E-9F53-4FD6-800B-AAE823D3F7C1}.Release|x86.Build.0 = Release|Win32
		{A9753CDB-56D7-4AF5-BB99-80A3E1CFCA0E}.Debug|x64.ActiveCfg = Debug|x64
		{A9753CDB-56D7-4AF5-BB99-80A3E1CFCA0E}.Debug|x64.Build.0 = Debug|x64
		{A9753CDB-56D7-4AF5-BB99-80A3E1CFCA0E}.Debug|x86.ActiveCfg = Debug|Win32
		{A9753CDB-56D7-4AF5-BB99-80A3E1CFCA0E}.Debug|x86.Build.0 = Debug|Win32
		{A9753CDB-56D7-4AF5-BB99-80A3E1CFCA0E}.Release|x64.ActiveCfg = Release|x64
		{A9753CDB-56D7-4AF5-BB99-80A3E1CFCA0E}.Release|x64.Build.0 = Release|x64
		{A9753CDB-56D7-4AF5-BB99-80A3E1CFCA0E}.Release|x86.ActiveCfg = Release|Win32
		{A9753CDB-56D7-4AF5-BB99-80A3E1CFCA0E}.Release|x86.Build.0 = Release|Win32
		{1310402A-2810-4BB7-B198-EEECEE1175B8}.Debug|x64.ActiveCfg = Debug|x64
		{1310402A-2810-4BB7-B198-EEECEE1175B8}.Debug|x64.Build.0 = Debug|x64
		{1310402A-2810-4BB7-B198-EEECEE1175B8}.Debug|x86.ActiveCfg = Debug|Win32
		{1310402A-2810-4BB7-B198-EEECEE1175B8}.Debug|x86.Build.0 = Debug|Win32
		{1310402A-2810-4BB7-B198-EEECEE1175B8}.Release|x64.ActiveCfg = Release|x64
		{1310402A-2810-4BB7-B198-EEECEE1175B8}.Release|x64.Build.0 = Release|x64
		{1310402A-2810-4BB7-B198-EEECEE1175B8}.Release|x86.ActiveCfg = Release|Win32
		{1310402A-2810-4BB7-B198-EEECEE1175B8}.Release|x86.Build.0 = Release|Win32
		{2F8BA35D-5D02-4F0D-858E-D0C57E1EBA53}.Debug|x64.ActiveCfg = Debug|x64
		{2F8BA35D-5D02-4F0D-858E-D0C57E1EBA53}.Debug|x64.Build.0 = Debug|x64
		{2F8BA35D-5D02-4F0D-858E-D0C57E1EBA53}.Debug|x86.ActiveCfg = Debug|Win32
		{2F8BA35D-5D02-4F0D-858E-D0C57E1EBA53}.Debug|x86.Build.0 = Debug|Win32
		{2F8BA35D-5D02-4F0D-858E-D0C57E1EBA53}.Release|x64.ActiveCfg = Release|x64
		{2F8BA35D-5D02-4F0D-858E-D0C57E1EBA53}.Release|x64.Build.0 = Release|x64
		{2F8BA35D-5D02-4F0D-858E-D0C57E1EBA53}.Release|x86.ActiveCfg = Release|Win32
		{2F8BA35D-5D02-4F0D-858E-D0C57E1EBA53}.Release|x86.Build.0 = Release|Win32
		{9A66514F-ABB0-47FF-A9CF-625E0408A98F}.Debug|x64.ActiveCfg = Debug|x64
		{9A66514F-ABB0-47FF-A9CF-625E0408A98F}.Debug|x64.Build.0 = Debug|x64
		{9A66514F-ABB0-47FF-A9CF-625E0408A98F}.Debug|x86.ActiveCfg = Debug|Win32
		{9A66514F-ABB0-47FF-A9CF-625E0408A98F}.Debug|x86.Build.0 = Debug|Win32
		{9A66514F-ABB0-47FF-A9CF-625E0408A98F}.Release|x64.ActiveCfg = Release|x64
		{9A66514F-ABB0-47FF-A9CF-625E0408A98F}.Release|x64.Build.0 = Release|x64
		{9A66514F-ABB0-47FF-A9CF-625E0408A98F}.Release|x86.ActiveCfg = Release|Win32
		{9A66514F-ABB0-47FF-A9CF-625E0408A98F}.Release|x86.Build.0 = Release|Win32
		{4C7B1F66-D156-472F-A306-1AEA3C701184}.Debug|x64.ActiveCfg = Debug|x64
		{4C7B1F66-D156-472F-A306-1AEA3C701184}.Debug|x64.Build.0 = Debug|x64
		{4C7B1F66-D156-472F-A306-1AEA3C701184}.Debug|x86.ActiveCfg = Debug|Win32
		{4C7B1F66-D156-472F-A306-1AEA3C701184}.Debug|x86.Build.0 = Debug|Win32
		{4C7B1F66-D156-472F-A306-1AEA3C701184}.Release|x64.ActiveCfg = Release|x64
		{4C7B1F66-D156-472F-A306-1AEA3C701184}.Release|x64.Build.0 = Release|x64
		{4C7B1F66-D156-472F-A306-1AEA3C701184}.Release|x86.ActiveCfg = Release|Win32
		{4C7B1F66-D156-472F-A306-1AEA3C701184}.Release|x86.Build.0 = Release|Win32
		{E49A5C25-40E5-4127-8B75-37796C9A62F8}.Debug|x64.ActiveCfg = Debug|x64
		{E49A5C25-40E5-4127-8B75-37796C9A62F8}.Debug|x64.Build.0 = Debug|x64
		{E49A5C25-40E5-4127-8B75-37796C9A62F8}.Debug|x86.ActiveCfg = Debug|Win32
		{E49A5C25-40E5-4127-8B75-37796C9A62F8}.Debug|x86.Build.0 = Debug|Win32
		{E49A5C25-40E5-4127-8B75-37796C9A62F8}.Release|x64.ActiveCfg = Release|x64
		{E49A5C25-40E5-4127-8B75-37796C9A62F8}.Release|x64.Build.0 = Release|x64
		{E49A5C25-40E5-4127-8B75-37796C9A62F8}.Release|x86.ActiveCfg = Release|Win32
		{E49A5C25-40E5-4127-8B75-37796C9A62F8}.Release|x86.Build.0 = Release|Win32
		{3FF369E5-ABC5-4538-8311-4ACE23B697F6}.Debug|x64.ActiveCfg = Debug|x64
		{3FF369E5-ABC5-4538-8311-4ACE23B697F6}.Debug|x64.Build.0 = Debug|x64
		{3FF369E5-ABC5-4538-8311-4ACE23B697F6}.Debug|x86.ActiveCfg = Debug|Win32
		{3FF369E5-ABC5-4538-8311-4ACE23B697F6}.Debug|x86.Build.0 = Debug|Win32
		{3FF369E5-ABC5-4538-8311-4ACE23B697F6}.Release|x64.ActiveCfg = Release|x64
		{3FF369E5-ABC5-4538-8311-4ACE23B697F6}.Release|x64.Build.0 = Release|x64
		{3FF369E5-ABC5-4538-8311-4ACE23B697F6}.Release|x86.ActiveCfg = Release|Win32
		{3FF369E5-ABC5-4538-8311-4ACE23B697F6}.Release|x86.Build.0 = Release|Win32
		{2D91288E-07B5-4AF2-9B4F-B553522A7B32}.Debug|x64.ActiveCfg = Debug|x64
		{2D91288E-07B5-4AF2-9B4F-B553522A7B32}.Debug|x64.Build.0 = Debug|x64
		{2D91288E-07B5-4AF2-9B4F-B553522A7B32}.Debug|x86.ActiveCfg = Debug|Win32
		{2D91288E-07B5-4AF2-9B4F-B553522A7B32}.Debug|x86.Build.0 = Debug|Win32
		{2D91288E-07B5-4AF2-9B4F-B553522A7B32}.Release|x64.ActiveCfg = Release|x64
		{2D91288E-07B5-4AF2-9B4F-B553522A7B32}.Release|x64.Build.0 = Release|x64
		{2D91288E-07B5-4AF2-9B4F-B553522A7B32}.Release|x86.ActiveCfg = Release|Win32
		{2D91288E-07B5-4AF2-9B4F-B553522A7B32}.Release|x86.Build.0 = Release|Win32
		{469A41AE-983C-4A98-A931-91C1652FC3EA}.Debug|x64.ActiveCfg = Debug|x64
		{469A41AE-983C-4A98-A931-91C1652FC3EA}.Debug|x64.Build.0 = Debug|x64
		{469A41AE-983C-4A98-A931-91C1652FC3EA}.Debug|x86.ActiveCfg = Debug|Win32
		{469A41AE-983C-4A98-A931-91C1652FC3EA}.Debug|x86.Build.0 = Debug|Win32
		{469A41AE-983C-4A98-A931-91C1652FC3EA}.Release|x64.ActiveCfg = Release|x64
		{469A41AE-983C-4A98-A931-91C1652FC3EA}.Release|x64.Build.0 = Release|x64
		{469A41AE-983C-4A98-A931-91C1652FC3EA}.Release|x86.ActiveCfg = Release|Win32
		{469A41AE-983C-4A98-A931-91C1652FC3EA}.Release|x86.Build.0 = Release|Win32
		{16B5CA4C-10B5-46EF-9CEC-FFD9E936EFC0}.Debug|x64.ActiveCfg = Debug|x64
		{16B5CA4C-10B5-46EF-9CEC-FFD9E936EFC0}.Debug|x64.Build.0 = Debug|x64
		{16B5CA4C-10B5-46EF-9CEC-FFD9E936EFC0}.Debug|x86.ActiveCfg = Debug|Win32
		{16B5CA4C-10B5-46EF-9CEC-FFD9E936EFC0}.Debug|x86.Build.0 = Debug|Win32
		{16B5CA4C-10B5-46EF-9CEC-FFD9E936EFC0}.Release|x64.ActiveCfg = Release|x64
		{16B5CA4C-10B5-46EF-9CEC-FFD9E936EFC0}.Release|x64.Build.0 = Release|x64
		{16B5CA4C-10B5-46EF-9CEC-FFD9E936EFC0}.Release|x86.ActiveCfg = Release|Win32
		{16B5CA4C-10B5-46EF-9CEC-FFD9E936EFC0}.Release|x86.Build.0 = Release|Win32
		{38331B73-05E4-49C7-9951-F93EEBFDFFC0}.Debug|x64.ActiveCfg = Debug|x64
		{38331B73-05E4-49C7-9951-F93EEBFDFFC0}.Debug|x64.Build.0 = Debug|x64
		{38331B73-05E4-49C7-9951-F93EEBFDFFC0}.Debug|x86.ActiveCfg = Debug|Win32
		{38331B73-05E4-49C7-9951-F93EEBFDFFC0}.Debug|x86.Build.0 = Debug|Win32
		{38331B73-05E4-49C7-9951-F93EEBFDFFC0}.Release|x64.ActiveCfg = Release|x64
		{38331B73-05E4-49C7-9951-F93EEBFDFFC0}.Release|x64.Build.0 = Release|x64
		{38331B73-05E4-49C7-9951-F93EEBFDFFC0}.Release|x86.ActiveCfg = Release|Win32
		{38331B73-05E4-49C7-9951-F93EEBFDFFC0}.Release|x86.Build.0 = Release|Win32
		{9A647A71-5AE0-412A-8F68-0267D905AC00}.Debug|x64.ActiveCfg = Debug|x64
		{9A647A71-5AE0-412A-8F68-0267D905AC00}.Debug|x64.Build.0 = Debug|x64
		{9A647A71-5AE0-412A-8F68-0267D905AC00}.Debug|x86.ActiveCfg = Debug|Win32
		{9A647A71-5AE0-412A-8F68-0267D905AC00}.Debug|x86.Build.0 = Debug|Win32
		{9A647A71-5AE0-412A-8F68-0267D905AC00}.Release|x64.ActiveCfg = Release|x64
		{9A647A71-5AE0-412A-8F68-0267D905AC00}.Release|x64.Build.0 = Release|x64
		{9A647A71-5AE0-412A-8F68-0267D905AC00}.Release|x86.ActiveCfg = Release|Win32
		{9A647A71-5AE0-412A-8F68-0267D905AC00}.Release|x86.Build.0 = Release|Win32
	EndGlobalSection
	GlobalSection(SolutionProperties) = preSolution
		HideSolutionNode = FALSE
	EndGlobalSection
	GlobalSection(ExtensibilityGlobals) = postSolution
		SolutionGuid = {00422E68-8C2F-48E0-A571-4ECD5058C421}
	EndGlobalSection
EndGlobal
