
Microsoft Visual Studio Solution File, Format Version 12.00
# Visual Studio Version 16
VisualStudioVersion = 16.0.30717.126
MinimumVisualStudioVersion = 10.0.40219.1
Project("{8BC9CEB8-8B4A-11D0-8D11-00A0C91BC942}") = "Day1", "Day1\Day1.vcxproj", "{67D70F6B-F554-4068-B0AE-4B1D1721BA4C}"
EndProject
Project("{8BC9CEB8-8B4A-11D0-8D11-00A0C91BC942}") = "Day2", "Day2\Day2.vcxproj", "{681B8ED2-42F1-470A-9174-74F69B76F5F0}"
EndProject
Project("{8BC9CEB8-8B4A-11D0-8D11-00A0C91BC942}") = "Day3", "Day3\Day3.vcxproj", "{3E919C60-7506-44DE-B86A-7DBCB142B05C}"
EndProject
Project("{8BC9CEB8-8B4A-11D0-8D11-00A0C91BC942}") = "Day4", "Day4\Day4.vcxproj", "{17C137FE-121E-4AD7-8D91-083F359B688F}"
EndProject
Project("{8BC9CEB8-8B4A-11D0-8D11-00A0C91BC942}") = "Day5", "Day5\Day5.vcxproj", "{80C1A5F8-2822-483A-A6F0-D3E740472E31}"
EndProject
Project("{8BC9CEB8-8B4A-11D0-8D11-00A0C91BC942}") = "Day6", "Day6\Day6.vcxproj", "{91C9F166-47D2-4CD2-BBC5-B4D9482F331B}"
EndProject
Project("{8BC9CEB8-8B4A-11D0-8D11-00A0C91BC942}") = "Day7", "Day7\Day7.vcxproj", "{F21487B0-A8DE-496B-B612-CB1CE52603DA}"
EndProject
Project("{8BC9CEB8-8B4A-11D0-8D11-00A0C91BC942}") = "Day8", "Day8\Day8.vcxproj", "{E0C66318-7FD1-49E1-89EB-9017B5B2470E}"
EndProject
Project("{8BC9CEB8-8B4A-11D0-8D11-00A0C91BC942}") = "Generator", "Generator\Generator.vcxproj", "{E2EC145B-131F-431A-AD42-DE28A0995412}"
EndProject
Project("{8BC9CEB8-8B4A-11D0-8D11-00A0C91BC942}") = "Day9", "Day9\Day9.vcxproj", "{73C5A0C8-BE8B-423D-A513-EAFC1C9C3310}"
EndProject
Project("{8BC9CEB8-8B4A-11D0-8D11-00A0C91BC942}") = "Day10", "Day10\Day10.vcxproj", "{26082CBB-EEDB-4D6D-8190-4F1F33FE0C3B}"
EndProject
Project("{8BC9CEB8-8B4A-11D0-8D11-00A0C91BC942}") = "Day11", "Day11\Day11.vcxproj", "{71384442-42D6-4DC4-B9E9-8BC8466AF56E}"
EndProject
Project("{8BC9CEB8-8B4A-11D0-8D11-00A0C91BC942}") = "Day12", "Day12\Day12.vcxproj", "{64684920-B111-4461-A067-59D1C53D1F7F}"
EndProject
Project("{8BC9CEB8-8B4A-11D0-8D11-00A0C91BC942}") = "Day13", "Day13\Day13.vcxproj", "{1BCE63B3-9BEC-4B93-9D20-4F7BB2AD4198}"
EndProject
Project("{8BC9CEB8-8B4A-11D0-8D11-00A0C91BC942}") = "Day14", "Day14\Day14.vcxproj", "{01C9D471-F1A5-454F-B703-615B21D6E497}"
EndProject
Project("{8BC9CEB8-8B4A-11D0-8D11-00A0C91BC942}") = "Day15", "Day15\Day15.vcxproj", "{834CA219-E72C-4DAF-84BC-BD9AFE1F9EAA}"
EndProject
Global
	GlobalSection(SolutionConfigurationPlatforms) = preSolution
		Debug|x64 = Debug|x64
		Debug|x86 = Debug|x86
		Release|x64 = Release|x64
		Release|x86 = Release|x86
	EndGlobalSection
	GlobalSection(ProjectConfigurationPlatforms) = postSolution
		{67D70F6B-F554-4068-B0AE-4B1D1721BA4C}.Debug|x64.ActiveCfg = Debug|x64
		{67D70F6B-F554-4068-B0AE-4B1D1721BA4C}.Debug|x64.Build.0 = Debug|x64
		{67D70F6B-F554-4068-B0AE-4B1D1721BA4C}.Debug|x86.ActiveCfg = Debug|Win32
		{67D70F6B-F554-4068-B0AE-4B1D1721BA4C}.Debug|x86.Build.0 = Debug|Win32
		{67D70F6B-F554-4068-B0AE-4B1D1721BA4C}.Release|x64.ActiveCfg = Release|x64
		{67D70F6B-F554-4068-B0AE-4B1D1721BA4C}.Release|x64.Build.0 = Release|x64
		{67D70F6B-F554-4068-B0AE-4B1D1721BA4C}.Release|x86.ActiveCfg = Release|Win32
		{67D70F6B-F554-4068-B0AE-4B1D1721BA4C}.Release|x86.Build.0 = Release|Win32
		{681B8ED2-42F1-470A-9174-74F69B76F5F0}.Debug|x64.ActiveCfg = Debug|x64
		{681B8ED2-42F1-470A-9174-74F69B76F5F0}.Debug|x64.Build.0 = Debug|x64
		{681B8ED2-42F1-470A-9174-74F69B76F5F0}.Debug|x86.ActiveCfg = Debug|Win32
		{681B8ED2-42F1-470A-9174-74F69B76F5F0}.Debug|x86.Build.0 = Debug|Win32
		{681B8ED2-42F1-470A-9174-74F69B76F5F0}.Release|x64.ActiveCfg = Release|x64
		{681B8ED2-42F1-470A-9174-74F69B76F5F0}.Release|x64.Build.0 = Release|x64
		{681B8ED2-42F1-470A-9174-74F69B76F5F0}.Release|x86.ActiveCfg = Release|Win32
		{681B8ED2-42F1-470A-9174-74F69B76F5F0}.Release|x86.Build.0 = Release|Win32
		{3E919C60-7506-44DE-B86A-7DBCB142B05C}.Debug|x64.ActiveCfg = Debug|x64
		{3E919C60-7506-44DE-B86A-7DBCB142B05C}.Debug|x64.Build.0 = Debug|x64
		{3E919C60-7506-44DE-B86A-7DBCB142B05C}.Debug|x86.ActiveCfg = Debug|Win32
		{3E919C60-7506-44DE-B86A-7DBCB142B05C}.Debug|x86.Build.0 = Debug|Win32
		{3E919C60-7506-44DE-B86A-7DBCB142B05C}.Release|x64.ActiveCfg = Release|x64
		{3E919C60-7506-44DE-B86A-7DBCB142B05C}.Release|x64.Build.0 = Release|x64
		{3E919C60-7506-44DE-B86A-7DBCB142B05C}.Release|x86.ActiveCfg = Release|Win32
		{3E919C60-7506-44DE-B86A-7DBCB142B05C}.Release|x86.Build.0 = Release|Win32
		{17C137FE-121E-4AD7-8D91-083F359B688F}.Debug|x64.ActiveCfg = Debug|x64
		{17C137FE-121E-4AD7-8D91-083F359B688F}.Debug|x64.Build.0 = Debug|x64
		{17C137FE-121E-4AD7-8D91-083F359B688F}.Debug|x86.ActiveCfg = Debug|Win32
		{17C137FE-121E-4AD7-8D91-083F359B688F}.Debug|x86.Build.0 = Debug|Win32
		{17C137FE-121E-4AD7-8D91-083F359B688F}.Release|x64.ActiveCfg = Release|x64
		{17C137FE-121E-4AD7-8D91-083F359B688F}.Release|x64.Build.0 = Release|x64
		{17C137FE-121E-4AD7-8D91-083F359B688F}.Release|x86.ActiveCfg = Release|Win32
		{17C137FE-121E-4AD7-8D91-083F359B688F}.Release|x86.Build.0 = Release|Win32
		{80C1A5F8-2822-483A-A6F0-D3E740472E31}.Debug|x64.ActiveCfg = Debug|x64
		{80C1A5F8-2822-483A-A6F0-D3E740472E31}.Debug|x64.Build.0 = Debug|x64
		{80C1A5F8-2822-483A-A6F0-D3E740472E31}.Debug|x86.ActiveCfg = Debug|Win32
		{80C1A5F8-2822-483A-A6F0-D3E740472E31}.Debug|x86.Build.0 = Debug|Win32
		{80C1A5F8-2822-483A-A6F0-D3E740472E31}.Release|x64.ActiveCfg = Release|x64
		{80C1A5F8-2822-483A-A6F0-D3E740472E31}.Release|x64.Build.0 = Release|x64
		{80C1A5F8-2822-483A-A6F0-D3E740472E31}.Release|x86.ActiveCfg = Release|Win32
		{80C1A5F8-2822-483A-A6F0-D3E740472E31}.Release|x86.Build.0 = Release|Win32
		{91C9F166-47D2-4CD2-BBC5-B4D9482F331B}.Debug|x64.ActiveCfg = Debug|x64
		{91C9F166-47D2-4CD2-BBC5-B4D9482F331B}.Debug|x64.Build.0 = Debug|x64
		{91C9F166-47D2-4CD2-BBC5-B4D9482F331B}.Debug|x86.ActiveCfg = Debug|Win32
		{91C9F166-47D2-4CD2-BBC5-B4D9482F331B}.Debug|x86.Build.0 = Debug|Win32
		{91C9F166-47D2-4CD2-BBC5-B4D9482F331B}.Release|x64.ActiveCfg = Release|x64
		{91C9F166-47D2-4CD2-BBC5-B4D9482F331B}.Release|x64.Build.0 = Release|x64
		{91C9F166-47D2-4CD2-BBC5-B4D9482F331B}.Release|x86.ActiveCfg = Release|Win32
		{91C9F166-47D2-4CD2-BBC5-B4D9482F331B}.Release|x86.Build.0 = Release|Win32
		{F21487B0-A8DE-496B-B612-CB1CE52603DA}.Debug|x64.ActiveCfg = Debug|x64
		{F21487B0-A8DE-496B-B612-CB1CE52603DA}.Debug|x64.Build.0 = Debug|x64
		{F21487B0-A8DE-496B-B612-CB1CE52603DA}.Debug|x86.ActiveCfg = Debug|Win32
		{F21487B0-A8DE-496B-B612-CB1CE52603DA}.Debug|x86.Build.0 = Debug|Win32
		{F21487B0-A8DE-496B-B612-CB1CE52603DA}.Release|x64.ActiveCfg = Release|x64
		{F21487B0-A8DE-496B-B612-CB1CE52603DA}.Release|x64.Build.0 = Release|x64
		{F21487B0-A8DE-496B-B612-CB1CE52603DA}.Release|x86.ActiveCfg = Release|Win32
		{F21487B0-A8DE-496B-B612-CB1CE52603DA}.Release|x86.Build.0 = Release|Win32
		{E0C66318-7FD1-49E1-89EB-9017B5B2470E}.Debug|x64.ActiveCfg = Debug|x64
		{E0C66318-7FD1-49E1-89EB-9017B5B2470E}.Debug|x64.Build.0 = Debug|x64
		{E0C66318-7FD1-49E1-89EB-9017B5B2470E}.Debug|x86.ActiveCfg = Debug|Win32
		{E0C66318-7FD1-49E1-89EB-9017B5B2470E}.Debug|x86.Build.0 = Debug|Win32
		{E0C66318-7FD1-49E1-89EB-9017B5B2470E}.Release|x64.ActiveCfg = Release|x64
		{E0C66318-7FD1-49E1-89EB-9017B5B2470E}.Release|x64.Build.0 = Release|x64
		{E0C66318-7FD1-49E1-89EB-9017B5B2470E}.Release|x86.ActiveCfg = Release|Win32
		{E0C66318-7FD1-49E1-89EB-9017B5B2470E}.Release|x86.Build.0 = Release|Win32
		{E2EC145B-131F-431A-AD42-DE28A0995412}.Debug|x64.ActiveCfg = Debug|x64
		{E2EC145B-131F-431A-AD42-DE28A0995412}.Debug|x64.Build.0 = Debug|x64
		{E2EC145B-131F-431A-AD42-DE28A0995412}.Debug|x86.ActiveCfg = Debug|Win32
		{E2EC145B-131F-431A-AD42-DE28A0995412}.Debug|x86.Build.0 = Debug|Win32
		{E2EC145B-131F-431A-AD42-DE28A0995412}.Release|x64.ActiveCfg = Release|x64
		{E2EC145B-131F-431A-AD42-DE28A0995412}.Release|x64.Build.0 = Release|x64
		{E2EC145B-131F-431A-AD42-DE28A0995412}.Release|x86.ActiveCfg = Release|Win32
		{E2EC145B-131F-431A-AD42-DE28A0995412}.Release|x86.Build.0 = Release|Win32
		{73C5A0C8-BE8B-423D-A513-EAFC1C9C3310}.Debug|x64.ActiveCfg = Debug|x64
		{73C5A0C8-BE8B-423D-A513-EAFC1C9C3310}.Debug|x64.Build.0 = Debug|x64
		{73C5A0C8-BE8B-423D-A513-EAFC1C9C3310}.Debug|x86.ActiveCfg = Debug|Win32
		{73C5A0C8-BE8B-423D-A513-EAFC1C9C3310}.Debug|x86.Build.0 = Debug|Win32
		{73C5A0C8-BE8B-423D-A513-EAFC1C9C3310}.Release|x64.ActiveCfg = Release|x64
		{73C5A0C8-BE8B-423D-A513-EAFC1C9C3310}.Release|x64.Build.0 = Release|x64
		{73C5A0C8-BE8B-423D-A513-EAFC1C9C3310}.Release|x86.ActiveCfg = Release|Win32
		{73C5A0C8-BE8B-423D-A513-EAFC1C9C3310}.Release|x86.Build.0 = Release|Win32
		{26082CBB-EEDB-4D6D-8190-4F1F33FE0C3B}.Debug|x64.ActiveCfg = Debug|x64
		{26082CBB-EEDB-4D6D-8190-4F1F33FE0C3B}.Debug|x64.Build.0 = Debug|x64
		{26082CBB-EEDB-4D6D-8190-4F1F33FE0C3B}.Debug|x86.ActiveCfg = Debug|Win32
		{26082CBB-EEDB-4D6D-8190-4F1F33FE0C3B}.Debug|x86.Build.0 = Debug|Win32
		{26082CBB-EEDB-4D6D-8190-4F1F33FE0C3B}.Release|x64.ActiveCfg = Release|x64
		{26082CBB-EEDB-4D6D-8190-4F1F33FE0C3B}.Release|x64.Build.0 = Release|x64
		{26082CBB-EEDB-4D6D-8190-4F1F33FE0C3B}.Release|x86.ActiveCfg = Release|Win32
		{26082CBB-EEDB-4D6D-8190-4F1F33FE0C3B}.Release|x86.Build.0 = Release|Win32
		{71384442-42D6-4DC4-B9E9-8BC8466AF56E}.Debug|x64.ActiveCfg = Debug|x64
		{71384442-42D6-4DC4-B9E9-8BC8466AF56E}.Debug|x64.Build.0 = Debug|x64
		{71384442-42D6-4DC4-B9E9-8BC8466AF56E}.Debug|x86.ActiveCfg = Debug|Win32
		{71384442-42D6-4DC4-B9E9-8BC8466AF56E}.Debug|x86.Build.0 = Debug|Win32
		{71384442-42D6-4DC4-B9E9-8BC8466AF56E}.Release|x64.ActiveCfg = Release|x64
		{71384442-42D6-4DC4-B9E9-8BC8466AF56E}.Release|x64.Build.0 = Release|x64
		{71384442-42D6-4DC4-B9E9-8BC8466AF56E}.Release|x86.ActiveCfg = Release|Win32
		{71384442-42D6-4DC4-B9E9-8BC8466AF56E}.Release|x86.Build.0 = Release|Win32
		{64684920-B111-4461-A067-59D1C53D1F7F}.Debug|x64.ActiveCfg = Debug|x64
		{64684920-B111-4461-A067-59D1C53D1F7F}.Debug|x64.Build.0 = Debug|x64
		{64684920-B111-4461-A067-59D1C53D1F7F}.Debug|x86.ActiveCfg = Debug|Win32
		{64684920-B111-4461-A067-59D1C53D1F7F}.Debug|x86.Build.0 = Debug|Win32
		{64684920-B111-4461-A067-59D1C53D1F7F}.Release|x64.ActiveCfg = Release|x64
		{64684920-B111-4461-A067-59D1C53D1F7F}.Release|x64.Build.0 = Release|x64
		{64684920-B111-4461-A067-59D1C53D1F7F}.Release|x86.ActiveCfg = Release|Win32
		{64684920-B111-4461-A067-59D1C53D1F7F}.Release|x86.Build.0 = Release|Win32
		{1BCE63B3-9BEC-4B93-9D20-4F7BB2AD4198}.Debug|x64.ActiveCfg = Debug|x64
		{1BCE63B3-9BEC-4B93-9D20-4F7BB2AD4198}.Debug|x64.Build.0 = Debug|x64
		{1BCE63B3-9BEC-4B93-9D20-4F7BB2AD4198}.Debug|x86.ActiveCfg = Debug|Win32
		{1BCE63B3-9BEC-4B93-9D20-4F7BB2AD4198}.Debug|x86.Build.0 = Debug|Win32
		{1BCE63B3-9BEC-4B93-9D20-4F7BB2AD4198}.Release|x64.ActiveCfg = Release|x64
		{1BCE63B3-9BEC-4B93-9D20-4F7BB2AD4198}.Release|x64.Build.0 = Release|x64
		{1BCE63B3-9BEC-4B93-9D20-4F7BB2AD4198}.Release|x86.ActiveCfg = Release|Win32
		{1BCE63B3-9BEC-4B93-9D20-4F7BB2AD4198}.Release|x86.Build.0 = Release|Win32
		{01C9D471-F1A5-454F-B703-615B21D6E497}.Debug|x64.ActiveCfg = Debug|x64
		{01C9D471-F1A5-454F-B703-615B21D6E497}.Debug|x64.Build.0 = Debug|x64
		{01C9D471-F1A5-454F-B703-615B21D6E497}.Debug|x86.ActiveCfg = Debug|Win32
		{01C9D471-F1A5-454F-B703-615B21D6E497}.Debug|x86.Build.0 = Debug|Win32
		{01C9D471-F1A5-454F-B703-615B21D6E497}.Release|x64.ActiveCfg = Release|x64
		{01C9D471-F1A5-454F-B703-615B21D6E497}.Release|x64.Build.0 = Release|x64
		{01C9D471-F1A5-454F-B703-615B21D6E497}.Release|x86.ActiveCfg = Release|Win32
		{01C9D471-F1A5-454F-B703-615B21D6E497}.Release|x86.Build.0 = Release|Win32
		{834CA219-E72C-4DAF-84BC-BD9AFE1F9EAA}.Debug|x64.ActiveCfg = Debug|x64
		{834CA219-E72C-4DAF-84BC-BD9AFE1F9EAA}.Debug|x64.Build.0 = Debug|x64
		{834CA219-E72C-4DAF-84BC-BD9AFE1F9EAA}.Debug|x86.ActiveCfg = Debug|Win32
		{834CA219-E72C-4DAF-84BC-BD9AFE1F9EAA}.Debug|x86.Build.0 = Debug|Win32
		{834CA219-E72C-4DAF-84BC-BD9AFE1F9EAA}.Release|x64.ActiveCfg = Release|x64
		{834CA219-E72C-4DAF-84BC-BD9AFE1F9EAA}.Release|x64.Build.0 = Release|x64
		{834CA219-E72C-4DAF-84BC-BD9AFE1F9EAA}.Release|x86.ActiveCfg = Release|Win32
		{834CA219-E72C-4DAF-84BC-BD9AFE1F9EAA}.Release|x86.Build.0 = Release|Win32
	EndGlobalSection
	GlobalSection(SolutionProperties) = preSolution
		HideSolutionNode = FALSE
	EndGlobalSection
	GlobalSection(ExtensibilityGlobals) = postSolution
		SolutionGuid = {1E947D04-FD9E-4F92-BC66-D9D39F749338}
	EndGlobalSection
EndGlobal
