
Microsoft Visual Studio Solution File, Format Version 12.00
# Visual Studio Version 17
VisualStudioVersion = 17.8.34322.80
MinimumVisualStudioVersion = 10.0.40219.1
Project("{8BC9CEB8-8B4A-11D0-8D11-00A0C91BC942}") = "Day01", "Day01\Day01.vcxproj", "{5AD7E2D6-BD36-4945-BD3D-EA29A99D512C}"
EndProject
Project("{8BC9CEB8-8B4A-11D0-8D11-00A0C91BC942}") = "Day02", "Day02\Day02.vcxproj", "{E35D4C73-4065-4D2E-B207-81ED540DCC06}"
EndProject
Project("{8BC9CEB8-8B4A-11D0-8D11-00A0C91BC942}") = "Day03", "Day03\Day03.vcxproj", "{6005814E-6484-4490-AF77-455172E41BAB}"
EndProject
Project("{8BC9CEB8-8B4A-11D0-8D11-00A0C91BC942}") = "Day04", "Day04\Day04.vcxproj", "{AC7355DC-F5D6-4346-A904-90DD70B472D8}"
EndProject
Project("{8BC9CEB8-8B4A-11D0-8D11-00A0C91BC942}") = "Day05", "Day05\Day05.vcxproj", "{7D1482FE-15A4-406F-A380-DD32B63EA92C}"
EndProject
Project("{8BC9CEB8-8B4A-11D0-8D11-00A0C91BC942}") = "Day06", "Day06\Day06.vcxproj", "{6EAAF0B9-FFE6-4EB6-871B-065999B1F552}"
EndProject
Project("{8BC9CEB8-8B4A-11D0-8D11-00A0C91BC942}") = "Day07", "Day07\Day07.vcxproj", "{2CC1568E-6E25-4429-8EE1-45E817665F4B}"
EndProject
Project("{8BC9CEB8-8B4A-11D0-8D11-00A0C91BC942}") = "Day08", "Day08\Day08.vcxproj", "{32FA81F4-2FE4-4434-A526-65D9FA55E787}"
EndProject
Project("{8BC9CEB8-8B4A-11D0-8D11-00A0C91BC942}") = "Day09", "Day09\Day09.vcxproj", "{6BCEBE2C-8D51-450B-991E-BE3AEC5BD8DF}"
EndProject
Project("{8BC9CEB8-8B4A-11D0-8D11-00A0C91BC942}") = "Day10", "Day10\Day10.vcxproj", "{6F11CCE1-033B-435D-84CE-9E6A8B042D0E}"
EndProject
Project("{8BC9CEB8-8B4A-11D0-8D11-00A0C91BC942}") = "Day11", "Day11\Day11.vcxproj", "{B83F8F30-7D43-4C04-8F59-5D0BFFD47C83}"
EndProject
Project("{8BC9CEB8-8B4A-11D0-8D11-00A0C91BC942}") = "Day12", "Day12\Day12.vcxproj", "{B8B0870F-C4C0-41AD-AAF2-6C5CFCC230D8}"
EndProject
Project("{8BC9CEB8-8B4A-11D0-8D11-00A0C91BC942}") = "Day13", "Day13\Day13.vcxproj", "{D58E9D81-6724-43CB-B063-6E33A9BA3F84}"
EndProject
Project("{8BC9CEB8-8B4A-11D0-8D11-00A0C91BC942}") = "Day14", "Day14\Day14.vcxproj", "{C53F23AF-9DF1-4F52-85CC-435B8E401A3A}"
EndProject
Project("{8BC9CEB8-8B4A-11D0-8D11-00A0C91BC942}") = "Day15", "Day15\Day15.vcxproj", "{3B01FBC5-7321-42DF-93D1-8405092A6787}"
EndProject
Project("{8BC9CEB8-8B4A-11D0-8D11-00A0C91BC942}") = "Day16", "Day16\Day16.vcxproj", "{52BC3023-A695-41EA-8AC1-302188D7471B}"
EndProject
Project("{8BC9CEB8-8B4A-11D0-8D11-00A0C91BC942}") = "Day17", "Day17\Day17.vcxproj", "{5A9994A7-F405-45C2-85E8-E018AB9F9B2F}"
EndProject
Project("{8BC9CEB8-8B4A-11D0-8D11-00A0C91BC942}") = "Day18", "Day18\Day18.vcxproj", "{E073CBDE-7174-4AF9-B36E-3C738F6E07B9}"
EndProject
Project("{8BC9CEB8-8B4A-11D0-8D11-00A0C91BC942}") = "Day19", "Day19\Day19.vcxproj", "{0D67B6C6-8F5A-498F-BAA6-FB6024953C1E}"
EndProject
Project("{8BC9CEB8-8B4A-11D0-8D11-00A0C91BC942}") = "Day20", "Day20\Day20.vcxproj", "{F50F5B8F-C709-44E6-9945-16FB609AC65A}"
EndProject
Project("{8BC9CEB8-8B4A-11D0-8D11-00A0C91BC942}") = "Day21", "Day21\Day21.vcxproj", "{F0DF3A63-3214-44DF-852F-AC5040B31173}"
EndProject
Project("{8BC9CEB8-8B4A-11D0-8D11-00A0C91BC942}") = "Day22", "Day22\Day22.vcxproj", "{5EF80BAA-C1FB-42A9-B896-5E50EFE49087}"
EndProject
Project("{8BC9CEB8-8B4A-11D0-8D11-00A0C91BC942}") = "Day23", "Day23\Day23.vcxproj", "{560FE868-37D8-41C8-8556-8C2C8E06BE58}"
EndProject
Project("{8BC9CEB8-8B4A-11D0-8D11-00A0C91BC942}") = "Day24", "Day24\Day24.vcxproj", "{95D059BF-7621-423C-8F66-A2D0B3E02346}"
EndProject
Project("{8BC9CEB8-8B4A-11D0-8D11-00A0C91BC942}") = "Day25", "Day25\Day25.vcxproj", "{F4D4CAFA-5928-4973-AB58-E70EE547F9BF}"
EndProject
Global
	GlobalSection(SolutionConfigurationPlatforms) = preSolution
		Debug|x64 = Debug|x64
		Debug|x86 = Debug|x86
		Release|x64 = Release|x64
		Release|x86 = Release|x86
	EndGlobalSection
	GlobalSection(ProjectConfigurationPlatforms) = postSolution
		{5AD7E2D6-BD36-4945-BD3D-EA29A99D512C}.Debug|x64.ActiveCfg = Debug|x64
		{5AD7E2D6-BD36-4945-BD3D-EA29A99D512C}.Debug|x64.Build.0 = Debug|x64
		{5AD7E2D6-BD36-4945-BD3D-EA29A99D512C}.Debug|x86.ActiveCfg = Debug|Win32
		{5AD7E2D6-BD36-4945-BD3D-EA29A99D512C}.Debug|x86.Build.0 = Debug|Win32
		{5AD7E2D6-BD36-4945-BD3D-EA29A99D512C}.Release|x64.ActiveCfg = Release|x64
		{5AD7E2D6-BD36-4945-BD3D-EA29A99D512C}.Release|x64.Build.0 = Release|x64
		{5AD7E2D6-BD36-4945-BD3D-EA29A99D512C}.Release|x86.ActiveCfg = Release|Win32
		{5AD7E2D6-BD36-4945-BD3D-EA29A99D512C}.Release|x86.Build.0 = Release|Win32
		{E35D4C73-4065-4D2E-B207-81ED540DCC06}.Debug|x64.ActiveCfg = Debug|x64
		{E35D4C73-4065-4D2E-B207-81ED540DCC06}.Debug|x64.Build.0 = Debug|x64
		{E35D4C73-4065-4D2E-B207-81ED540DCC06}.Debug|x86.ActiveCfg = Debug|Win32
		{E35D4C73-4065-4D2E-B207-81ED540DCC06}.Debug|x86.Build.0 = Debug|Win32
		{E35D4C73-4065-4D2E-B207-81ED540DCC06}.Release|x64.ActiveCfg = Release|x64
		{E35D4C73-4065-4D2E-B207-81ED540DCC06}.Release|x64.Build.0 = Release|x64
		{E35D4C73-4065-4D2E-B207-81ED540DCC06}.Release|x86.ActiveCfg = Release|Win32
		{E35D4C73-4065-4D2E-B207-81ED540DCC06}.Release|x86.Build.0 = Release|Win32
		{6005814E-6484-4490-AF77-455172E41BAB}.Debug|x64.ActiveCfg = Debug|x64
		{6005814E-6484-4490-AF77-455172E41BAB}.Debug|x64.Build.0 = Debug|x64
		{6005814E-6484-4490-AF77-455172E41BAB}.Debug|x86.ActiveCfg = Debug|Win32
		{6005814E-6484-4490-AF77-455172E41BAB}.Debug|x86.Build.0 = Debug|Win32
		{6005814E-6484-4490-AF77-455172E41BAB}.Release|x64.ActiveCfg = Release|x64
		{6005814E-6484-4490-AF77-455172E41BAB}.Release|x64.Build.0 = Release|x64
		{6005814E-6484-4490-AF77-455172E41BAB}.Release|x86.ActiveCfg = Release|Win32
		{6005814E-6484-4490-AF77-455172E41BAB}.Release|x86.Build.0 = Release|Win32
		{AC7355DC-F5D6-4346-A904-90DD70B472D8}.Debug|x64.ActiveCfg = Debug|x64
		{AC7355DC-F5D6-4346-A904-90DD70B472D8}.Debug|x64.Build.0 = Debug|x64
		{AC7355DC-F5D6-4346-A904-90DD70B472D8}.Debug|x86.ActiveCfg = Debug|Win32
		{AC7355DC-F5D6-4346-A904-90DD70B472D8}.Debug|x86.Build.0 = Debug|Win32
		{AC7355DC-F5D6-4346-A904-90DD70B472D8}.Release|x64.ActiveCfg = Release|x64
		{AC7355DC-F5D6-4346-A904-90DD70B472D8}.Release|x64.Build.0 = Release|x64
		{AC7355DC-F5D6-4346-A904-90DD70B472D8}.Release|x86.ActiveCfg = Release|Win32
		{AC7355DC-F5D6-4346-A904-90DD70B472D8}.Release|x86.Build.0 = Release|Win32
		{7D1482FE-15A4-406F-A380-DD32B63EA92C}.Debug|x64.ActiveCfg = Debug|x64
		{7D1482FE-15A4-406F-A380-DD32B63EA92C}.Debug|x64.Build.0 = Debug|x64
		{7D1482FE-15A4-406F-A380-DD32B63EA92C}.Debug|x86.ActiveCfg = Debug|Win32
		{7D1482FE-15A4-406F-A380-DD32B63EA92C}.Debug|x86.Build.0 = Debug|Win32
		{7D1482FE-15A4-406F-A380-DD32B63EA92C}.Release|x64.ActiveCfg = Release|x64
		{7D1482FE-15A4-406F-A380-DD32B63EA92C}.Release|x64.Build.0 = Release|x64
		{7D1482FE-15A4-406F-A380-DD32B63EA92C}.Release|x86.ActiveCfg = Release|Win32
		{7D1482FE-15A4-406F-A380-DD32B63EA92C}.Release|x86.Build.0 = Release|Win32
		{6EAAF0B9-FFE6-4EB6-871B-065999B1F552}.Debug|x64.ActiveCfg = Debug|x64
		{6EAAF0B9-FFE6-4EB6-871B-065999B1F552}.Debug|x64.Build.0 = Debug|x64
		{6EAAF0B9-FFE6-4EB6-871B-065999B1F552}.Debug|x86.ActiveCfg = Debug|Win32
		{6EAAF0B9-FFE6-4EB6-871B-065999B1F552}.Debug|x86.Build.0 = Debug|Win32
		{6EAAF0B9-FFE6-4EB6-871B-065999B1F552}.Release|x64.ActiveCfg = Release|x64
		{6EAAF0B9-FFE6-4EB6-871B-065999B1F552}.Release|x64.Build.0 = Release|x64
		{6EAAF0B9-FFE6-4EB6-871B-065999B1F552}.Release|x86.ActiveCfg = Release|Win32
		{6EAAF0B9-FFE6-4EB6-871B-065999B1F552}.Release|x86.Build.0 = Release|Win32
		{2CC1568E-6E25-4429-8EE1-45E817665F4B}.Debug|x64.ActiveCfg = Debug|x64
		{2CC1568E-6E25-4429-8EE1-45E817665F4B}.Debug|x64.Build.0 = Debug|x64
		{2CC1568E-6E25-4429-8EE1-45E817665F4B}.Debug|x86.ActiveCfg = Debug|Win32
		{2CC1568E-6E25-4429-8EE1-45E817665F4B}.Debug|x86.Build.0 = Debug|Win32
		{2CC1568E-6E25-4429-8EE1-45E817665F4B}.Release|x64.ActiveCfg = Release|x64
		{2CC1568E-6E25-4429-8EE1-45E817665F4B}.Release|x64.Build.0 = Release|x64
		{2CC1568E-6E25-4429-8EE1-45E817665F4B}.Release|x86.ActiveCfg = Release|Win32
		{2CC1568E-6E25-4429-8EE1-45E817665F4B}.Release|x86.Build.0 = Release|Win32
		{32FA81F4-2FE4-4434-A526-65D9FA55E787}.Debug|x64.ActiveCfg = Debug|x64
		{32FA81F4-2FE4-4434-A526-65D9FA55E787}.Debug|x64.Build.0 = Debug|x64
		{32FA81F4-2FE4-4434-A526-65D9FA55E787}.Debug|x86.ActiveCfg = Debug|Win32
		{32FA81F4-2FE4-4434-A526-65D9FA55E787}.Debug|x86.Build.0 = Debug|Win32
		{32FA81F4-2FE4-4434-A526-65D9FA55E787}.Release|x64.ActiveCfg = Release|x64
		{32FA81F4-2FE4-4434-A526-65D9FA55E787}.Release|x64.Build.0 = Release|x64
		{32FA81F4-2FE4-4434-A526-65D9FA55E787}.Release|x86.ActiveCfg = Release|Win32
		{32FA81F4-2FE4-4434-A526-65D9FA55E787}.Release|x86.Build.0 = Release|Win32
		{6BCEBE2C-8D51-450B-991E-BE3AEC5BD8DF}.Debug|x64.ActiveCfg = Debug|x64
		{6BCEBE2C-8D51-450B-991E-BE3AEC5BD8DF}.Debug|x64.Build.0 = Debug|x64
		{6BCEBE2C-8D51-450B-991E-BE3AEC5BD8DF}.Debug|x86.ActiveCfg = Debug|Win32
		{6BCEBE2C-8D51-450B-991E-BE3AEC5BD8DF}.Debug|x86.Build.0 = Debug|Win32
		{6BCEBE2C-8D51-450B-991E-BE3AEC5BD8DF}.Release|x64.ActiveCfg = Release|x64
		{6BCEBE2C-8D51-450B-991E-BE3AEC5BD8DF}.Release|x64.Build.0 = Release|x64
		{6BCEBE2C-8D51-450B-991E-BE3AEC5BD8DF}.Release|x86.ActiveCfg = Release|Win32
		{6BCEBE2C-8D51-450B-991E-BE3AEC5BD8DF}.Release|x86.Build.0 = Release|Win32
		{6F11CCE1-033B-435D-84CE-9E6A8B042D0E}.Debug|x64.ActiveCfg = Debug|x64
		{6F11CCE1-033B-435D-84CE-9E6A8B042D0E}.Debug|x64.Build.0 = Debug|x64
		{6F11CCE1-033B-435D-84CE-9E6A8B042D0E}.Debug|x86.ActiveCfg = Debug|Win32
		{6F11CCE1-033B-435D-84CE-9E6A8B042D0E}.Debug|x86.Build.0 = Debug|Win32
		{6F11CCE1-033B-435D-84CE-9E6A8B042D0E}.Release|x64.ActiveCfg = Release|x64
		{6F11CCE1-033B-435D-84CE-9E6A8B042D0E}.Release|x64.Build.0 = Release|x64
		{6F11CCE1-033B-435D-84CE-9E6A8B042D0E}.Release|x86.ActiveCfg = Release|Win32
		{6F11CCE1-033B-435D-84CE-9E6A8B042D0E}.Release|x86.Build.0 = Release|Win32
		{B83F8F30-7D43-4C04-8F59-5D0BFFD47C83}.Debug|x64.ActiveCfg = Debug|x64
		{B83F8F30-7D43-4C04-8F59-5D0BFFD47C83}.Debug|x64.Build.0 = Debug|x64
		{B83F8F30-7D43-4C04-8F59-5D0BFFD47C83}.Debug|x86.ActiveCfg = Debug|Win32
		{B83F8F30-7D43-4C04-8F59-5D0BFFD47C83}.Debug|x86.Build.0 = Debug|Win32
		{B83F8F30-7D43-4C04-8F59-5D0BFFD47C83}.Release|x64.ActiveCfg = Release|x64
		{B83F8F30-7D43-4C04-8F59-5D0BFFD47C83}.Release|x64.Build.0 = Release|x64
		{B83F8F30-7D43-4C04-8F59-5D0BFFD47C83}.Release|x86.ActiveCfg = Release|Win32
		{B83F8F30-7D43-4C04-8F59-5D0BFFD47C83}.Release|x86.Build.0 = Release|Win32
		{B8B0870F-C4C0-41AD-AAF2-6C5CFCC230D8}.Debug|x64.ActiveCfg = Debug|x64
		{B8B0870F-C4C0-41AD-AAF2-6C5CFCC230D8}.Debug|x64.Build.0 = Debug|x64
		{B8B0870F-C4C0-41AD-AAF2-6C5CFCC230D8}.Debug|x86.ActiveCfg = Debug|Win32
		{B8B0870F-C4C0-41AD-AAF2-6C5CFCC230D8}.Debug|x86.Build.0 = Debug|Win32
		{B8B0870F-C4C0-41AD-AAF2-6C5CFCC230D8}.Release|x64.ActiveCfg = Release|x64
		{B8B0870F-C4C0-41AD-AAF2-6C5CFCC230D8}.Release|x64.Build.0 = Release|x64
		{B8B0870F-C4C0-41AD-AAF2-6C5CFCC230D8}.Release|x86.ActiveCfg = Release|Win32
		{B8B0870F-C4C0-41AD-AAF2-6C5CFCC230D8}.Release|x86.Build.0 = Release|Win32
		{D58E9D81-6724-43CB-B063-6E33A9BA3F84}.Debug|x64.ActiveCfg = Debug|x64
		{D58E9D81-6724-43CB-B063-6E33A9BA3F84}.Debug|x64.Build.0 = Debug|x64
		{D58E9D81-6724-43CB-B063-6E33A9BA3F84}.Debug|x86.ActiveCfg = Debug|Win32
		{D58E9D81-6724-43CB-B063-6E33A9BA3F84}.Debug|x86.Build.0 = Debug|Win32
		{D58E9D81-6724-43CB-B063-6E33A9BA3F84}.Release|x64.ActiveCfg = Release|x64
		{D58E9D81-6724-43CB-B063-6E33A9BA3F84}.Release|x64.Build.0 = Release|x64
		{D58E9D81-6724-43CB-B063-6E33A9BA3F84}.Release|x86.ActiveCfg = Release|Win32
		{D58E9D81-6724-43CB-B063-6E33A9BA3F84}.Release|x86.Build.0 = Release|Win32
		{C53F23AF-9DF1-4F52-85CC-435B8E401A3A}.Debug|x64.ActiveCfg = Debug|x64
		{C53F23AF-9DF1-4F52-85CC-435B8E401A3A}.Debug|x64.Build.0 = Debug|x64
		{C53F23AF-9DF1-4F52-85CC-435B8E401A3A}.Debug|x86.ActiveCfg = Debug|Win32
		{C53F23AF-9DF1-4F52-85CC-435B8E401A3A}.Debug|x86.Build.0 = Debug|Win32
		{C53F23AF-9DF1-4F52-85CC-435B8E401A3A}.Release|x64.ActiveCfg = Release|x64
		{C53F23AF-9DF1-4F52-85CC-435B8E401A3A}.Release|x64.Build.0 = Release|x64
		{C53F23AF-9DF1-4F52-85CC-435B8E401A3A}.Release|x86.ActiveCfg = Release|Win32
		{C53F23AF-9DF1-4F52-85CC-435B8E401A3A}.Release|x86.Build.0 = Release|Win32
		{3B01FBC5-7321-42DF-93D1-8405092A6787}.Debug|x64.ActiveCfg = Debug|x64
		{3B01FBC5-7321-42DF-93D1-8405092A6787}.Debug|x64.Build.0 = Debug|x64
		{3B01FBC5-7321-42DF-93D1-8405092A6787}.Debug|x86.ActiveCfg = Debug|Win32
		{3B01FBC5-7321-42DF-93D1-8405092A6787}.Debug|x86.Build.0 = Debug|Win32
		{3B01FBC5-7321-42DF-93D1-8405092A6787}.Release|x64.ActiveCfg = Release|x64
		{3B01FBC5-7321-42DF-93D1-8405092A6787}.Release|x64.Build.0 = Release|x64
		{3B01FBC5-7321-42DF-93D1-8405092A6787}.Release|x86.ActiveCfg = Release|Win32
		{3B01FBC5-7321-42DF-93D1-8405092A6787}.Release|x86.Build.0 = Release|Win32
		{52BC3023-A695-41EA-8AC1-302188D7471B}.Debug|x64.ActiveCfg = Debug|x64
		{52BC3023-A695-41EA-8AC1-302188D7471B}.Debug|x64.Build.0 = Debug|x64
		{52BC3023-A695-41EA-8AC1-302188D7471B}.Debug|x86.ActiveCfg = Debug|Win32
		{52BC3023-A695-41EA-8AC1-302188D7471B}.Debug|x86.Build.0 = Debug|Win32
		{52BC3023-A695-41EA-8AC1-302188D7471B}.Release|x64.ActiveCfg = Release|x64
		{52BC3023-A695-41EA-8AC1-302188D7471B}.Release|x64.Build.0 = Release|x64
		{52BC3023-A695-41EA-8AC1-302188D7471B}.Release|x86.ActiveCfg = Release|Win32
		{52BC3023-A695-41EA-8AC1-302188D7471B}.Release|x86.Build.0 = Release|Win32
		{5A9994A7-F405-45C2-85E8-E018AB9F9B2F}.Debug|x64.ActiveCfg = Debug|x64
		{5A9994A7-F405-45C2-85E8-E018AB9F9B2F}.Debug|x64.Build.0 = Debug|x64
		{5A9994A7-F405-45C2-85E8-E018AB9F9B2F}.Debug|x86.ActiveCfg = Debug|Win32
		{5A9994A7-F405-45C2-85E8-E018AB9F9B2F}.Debug|x86.Build.0 = Debug|Win32
		{5A9994A7-F405-45C2-85E8-E018AB9F9B2F}.Release|x64.ActiveCfg = Release|x64
		{5A9994A7-F405-45C2-85E8-E018AB9F9B2F}.Release|x64.Build.0 = Release|x64
		{5A9994A7-F405-45C2-85E8-E018AB9F9B2F}.Release|x86.ActiveCfg = Release|Win32
		{5A9994A7-F405-45C2-85E8-E018AB9F9B2F}.Release|x86.Build.0 = Release|Win32
		{E073CBDE-7174-4AF9-B36E-3C738F6E07B9}.Debug|x64.ActiveCfg = Debug|x64
		{E073CBDE-7174-4AF9-B36E-3C738F6E07B9}.Debug|x64.Build.0 = Debug|x64
		{E073CBDE-7174-4AF9-B36E-3C738F6E07B9}.Debug|x86.ActiveCfg = Debug|Win32
		{E073CBDE-7174-4AF9-B36E-3C738F6E07B9}.Debug|x86.Build.0 = Debug|Win32
		{E073CBDE-7174-4AF9-B36E-3C738F6E07B9}.Release|x64.ActiveCfg = Release|x64
		{E073CBDE-7174-4AF9-B36E-3C738F6E07B9}.Release|x64.Build.0 = Release|x64
		{E073CBDE-7174-4AF9-B36E-3C738F6E07B9}.Release|x86.ActiveCfg = Release|Win32
		{E073CBDE-7174-4AF9-B36E-3C738F6E07B9}.Release|x86.Build.0 = Release|Win32
		{0D67B6C6-8F5A-498F-BAA6-FB6024953C1E}.Debug|x64.ActiveCfg = Debug|x64
		{0D67B6C6-8F5A-498F-BAA6-FB6024953C1E}.Debug|x64.Build.0 = Debug|x64
		{0D67B6C6-8F5A-498F-BAA6-FB6024953C1E}.Debug|x86.ActiveCfg = Debug|Win32
		{0D67B6C6-8F5A-498F-BAA6-FB6024953C1E}.Debug|x86.Build.0 = Debug|Win32
		{0D67B6C6-8F5A-498F-BAA6-FB6024953C1E}.Release|x64.ActiveCfg = Release|x64
		{0D67B6C6-8F5A-498F-BAA6-FB6024953C1E}.Release|x64.Build.0 = Release|x64
		{0D67B6C6-8F5A-498F-BAA6-FB6024953C1E}.Release|x86.ActiveCfg = Release|Win32
		{0D67B6C6-8F5A-498F-BAA6-FB6024953C1E}.Release|x86.Build.0 = Release|Win32
		{F50F5B8F-C709-44E6-9945-16FB609AC65A}.Debug|x64.ActiveCfg = Debug|x64
		{F50F5B8F-C709-44E6-9945-16FB609AC65A}.Debug|x64.Build.0 = Debug|x64
		{F50F5B8F-C709-44E6-9945-16FB609AC65A}.Debug|x86.ActiveCfg = Debug|Win32
		{F50F5B8F-C709-44E6-9945-16FB609AC65A}.Debug|x86.Build.0 = Debug|Win32
		{F50F5B8F-C709-44E6-9945-16FB609AC65A}.Release|x64.ActiveCfg = Release|x64
		{F50F5B8F-C709-44E6-9945-16FB609AC65A}.Release|x64.Build.0 = Release|x64
		{F50F5B8F-C709-44E6-9945-16FB609AC65A}.Release|x86.ActiveCfg = Release|Win32
		{F50F5B8F-C709-44E6-9945-16FB609AC65A}.Release|x86.Build.0 = Release|Win32
		{F0DF3A63-3214-44DF-852F-AC5040B31173}.Debug|x64.ActiveCfg = Debug|x64
		{F0DF3A63-3214-44DF-852F-AC5040B31173}.Debug|x64.Build.0 = Debug|x64
		{F0DF3A63-3214-44DF-852F-AC5040B31173}.Debug|x86.ActiveCfg = Debug|Win32
		{F0DF3A63-3214-44DF-852F-AC5040B31173}.Debug|x86.Build.0 = Debug|Win32
		{F0DF3A63-3214-44DF-852F-AC5040B31173}.Release|x64.ActiveCfg = Release|x64
		{F0DF3A63-3214-44DF-852F-AC5040B31173}.Release|x64.Build.0 = Release|x64
		{F0DF3A63-3214-44DF-852F-AC5040B31173}.Release|x86.ActiveCfg = Release|Win32
		{F0DF3A63-3214-44DF-852F-AC5040B31173}.Release|x86.Build.0 = Release|Win32
		{5EF80BAA-C1FB-42A9-B896-5E50EFE49087}.Debug|x64.ActiveCfg = Debug|x64
		{5EF80BAA-C1FB-42A9-B896-5E50EFE49087}.Debug|x64.Build.0 = Debug|x64
		{5EF80BAA-C1FB-42A9-B896-5E50EFE49087}.Debug|x86.ActiveCfg = Debug|Win32
		{5EF80BAA-C1FB-42A9-B896-5E50EFE49087}.Debug|x86.Build.0 = Debug|Win32
		{5EF80BAA-C1FB-42A9-B896-5E50EFE49087}.Release|x64.ActiveCfg = Release|x64
		{5EF80BAA-C1FB-42A9-B896-5E50EFE49087}.Release|x64.Build.0 = Release|x64
		{5EF80BAA-C1FB-42A9-B896-5E50EFE49087}.Release|x86.ActiveCfg = Release|Win32
		{5EF80BAA-C1FB-42A9-B896-5E50EFE49087}.Release|x86.Build.0 = Release|Win32
		{560FE868-37D8-41C8-8556-8C2C8E06BE58}.Debug|x64.ActiveCfg = Debug|x64
		{560FE868-37D8-41C8-8556-8C2C8E06BE58}.Debug|x64.Build.0 = Debug|x64
		{560FE868-37D8-41C8-8556-8C2C8E06BE58}.Debug|x86.ActiveCfg = Debug|Win32
		{560FE868-37D8-41C8-8556-8C2C8E06BE58}.Debug|x86.Build.0 = Debug|Win32
		{560FE868-37D8-41C8-8556-8C2C8E06BE58}.Release|x64.ActiveCfg = Release|x64
		{560FE868-37D8-41C8-8556-8C2C8E06BE58}.Release|x64.Build.0 = Release|x64
		{560FE868-37D8-41C8-8556-8C2C8E06BE58}.Release|x86.ActiveCfg = Release|Win32
		{560FE868-37D8-41C8-8556-8C2C8E06BE58}.Release|x86.Build.0 = Release|Win32
		{95D059BF-7621-423C-8F66-A2D0B3E02346}.Debug|x64.ActiveCfg = Debug|x64
		{95D059BF-7621-423C-8F66-A2D0B3E02346}.Debug|x64.Build.0 = Debug|x64
		{95D059BF-7621-423C-8F66-A2D0B3E02346}.Debug|x86.ActiveCfg = Debug|Win32
		{95D059BF-7621-423C-8F66-A2D0B3E02346}.Debug|x86.Build.0 = Debug|Win32
		{95D059BF-7621-423C-8F66-A2D0B3E02346}.Release|x64.ActiveCfg = Release|x64
		{95D059BF-7621-423C-8F66-A2D0B3E02346}.Release|x64.Build.0 = Release|x64
		{95D059BF-7621-423C-8F66-A2D0B3E02346}.Release|x86.ActiveCfg = Release|Win32
		{95D059BF-7621-423C-8F66-A2D0B3E02346}.Release|x86.Build.0 = Release|Win32
		{F4D4CAFA-5928-4973-AB58-E70EE547F9BF}.Debug|x64.ActiveCfg = Debug|x64
		{F4D4CAFA-5928-4973-AB58-E70EE547F9BF}.Debug|x64.Build.0 = Debug|x64
		{F4D4CAFA-5928-4973-AB58-E70EE547F9BF}.Debug|x86.ActiveCfg = Debug|Win32
		{F4D4CAFA-5928-4973-AB58-E70EE547F9BF}.Debug|x86.Build.0 = Debug|Win32
		{F4D4CAFA-5928-4973-AB58-E70EE547F9BF}.Release|x64.ActiveCfg = Release|x64
		{F4D4CAFA-5928-4973-AB58-E70EE547F9BF}.Release|x64.Build.0 = Release|x64
		{F4D4CAFA-5928-4973-AB58-E70EE547F9BF}.Release|x86.ActiveCfg = Release|Win32
		{F4D4CAFA-5928-4973-AB58-E70EE547F9BF}.Release|x86.Build.0 = Release|Win32
	EndGlobalSection
	GlobalSection(SolutionProperties) = preSolution
		HideSolutionNode = FALSE
	EndGlobalSection
	GlobalSection(ExtensibilityGlobals) = postSolution
		SolutionGuid = {FA0A72D3-77DD-4772-9DEE-F91EC939A3CA}
	EndGlobalSection
EndGlobal
