
Microsoft Visual Studio Solution File, Format Version 12.00
# Visual Studio Version 17
VisualStudioVersion = 17.2.32630.192
MinimumVisualStudioVersion = 10.0.40219.1
Project("{8BC9CEB8-8B4A-11D0-8D11-00A0C91BC942}") = "Day1", "Day1\Day1.vcxproj", "{CAE735AA-7E88-42E5-B8E2-F8585C9A8910}"
EndProject
Project("{8BC9CEB8-8B4A-11D0-8D11-00A0C91BC942}") = "Day2", "Day2\Day2.vcxproj", "{B8A2103A-F5A2-452F-BE1C-E35DB0AE037F}"
EndProject
Project("{8BC9CEB8-8B4A-11D0-8D11-00A0C91BC942}") = "Day3", "Day3\Day3.vcxproj", "{53B205D0-465C-4423-9A92-499314DA6015}"
EndProject
Project("{8BC9CEB8-8B4A-11D0-8D11-00A0C91BC942}") = "Day4", "Day4\Day4.vcxproj", "{02C0186D-5A69-4846-8541-16A3ECC35BCB}"
EndProject
Project("{8BC9CEB8-8B4A-11D0-8D11-00A0C91BC942}") = "Day5", "Day5\Day5.vcxproj", "{04D0DD1F-05B5-4B70-9A6A-0BAB9CB2002C}"
EndProject
Project("{8BC9CEB8-8B4A-11D0-8D11-00A0C91BC942}") = "Day6", "Day6\Day6.vcxproj", "{FA5FB9CC-E8BF-40CA-9481-E931BF06737A}"
EndProject
Project("{8BC9CEB8-8B4A-11D0-8D11-00A0C91BC942}") = "Day7", "Day7\Day7.vcxproj", "{BC7691CC-8001-4AA8-B795-A16CE5F505C1}"
EndProject
Project("{8BC9CEB8-8B4A-11D0-8D11-00A0C91BC942}") = "Day8", "Day8\Day8.vcxproj", "{2AF95880-C888-489E-BF13-BC6EEE33B15F}"
EndProject
Project("{8BC9CEB8-8B4A-11D0-8D11-00A0C91BC942}") = "Day9", "Day9\Day9.vcxproj", "{BA82A546-B1A1-4E30-B3AC-6BAB2C62DF2D}"
EndProject
Global
	GlobalSection(SolutionConfigurationPlatforms) = preSolution
		Debug|x64 = Debug|x64
		Debug|x86 = Debug|x86
		Release|x64 = Release|x64
		Release|x86 = Release|x86
	EndGlobalSection
	GlobalSection(ProjectConfigurationPlatforms) = postSolution
		{CAE735AA-7E88-42E5-B8E2-F8585C9A8910}.Debug|x64.ActiveCfg = Debug|x64
		{CAE735AA-7E88-42E5-B8E2-F8585C9A8910}.Debug|x64.Build.0 = Debug|x64
		{CAE735AA-7E88-42E5-B8E2-F8585C9A8910}.Debug|x86.ActiveCfg = Debug|Win32
		{CAE735AA-7E88-42E5-B8E2-F8585C9A8910}.Debug|x86.Build.0 = Debug|Win32
		{CAE735AA-7E88-42E5-B8E2-F8585C9A8910}.Release|x64.ActiveCfg = Release|x64
		{CAE735AA-7E88-42E5-B8E2-F8585C9A8910}.Release|x64.Build.0 = Release|x64
		{CAE735AA-7E88-42E5-B8E2-F8585C9A8910}.Release|x86.ActiveCfg = Release|Win32
		{CAE735AA-7E88-42E5-B8E2-F8585C9A8910}.Release|x86.Build.0 = Release|Win32
		{B8A2103A-F5A2-452F-BE1C-E35DB0AE037F}.Debug|x64.ActiveCfg = Debug|x64
		{B8A2103A-F5A2-452F-BE1C-E35DB0AE037F}.Debug|x64.Build.0 = Debug|x64
		{B8A2103A-F5A2-452F-BE1C-E35DB0AE037F}.Debug|x86.ActiveCfg = Debug|Win32
		{B8A2103A-F5A2-452F-BE1C-E35DB0AE037F}.Debug|x86.Build.0 = Debug|Win32
		{B8A2103A-F5A2-452F-BE1C-E35DB0AE037F}.Release|x64.ActiveCfg = Release|x64
		{B8A2103A-F5A2-452F-BE1C-E35DB0AE037F}.Release|x64.Build.0 = Release|x64
		{B8A2103A-F5A2-452F-BE1C-E35DB0AE037F}.Release|x86.ActiveCfg = Release|Win32
		{B8A2103A-F5A2-452F-BE1C-E35DB0AE037F}.Release|x86.Build.0 = Release|Win32
		{53B205D0-465C-4423-9A92-499314DA6015}.Debug|x64.ActiveCfg = Debug|x64
		{53B205D0-465C-4423-9A92-499314DA6015}.Debug|x64.Build.0 = Debug|x64
		{53B205D0-465C-4423-9A92-499314DA6015}.Debug|x86.ActiveCfg = Debug|Win32
		{53B205D0-465C-4423-9A92-499314DA6015}.Debug|x86.Build.0 = Debug|Win32
		{53B205D0-465C-4423-9A92-499314DA6015}.Release|x64.ActiveCfg = Release|x64
		{53B205D0-465C-4423-9A92-499314DA6015}.Release|x64.Build.0 = Release|x64
		{53B205D0-465C-4423-9A92-499314DA6015}.Release|x86.ActiveCfg = Release|Win32
		{53B205D0-465C-4423-9A92-499314DA6015}.Release|x86.Build.0 = Release|Win32
		{02C0186D-5A69-4846-8541-16A3ECC35BCB}.Debug|x64.ActiveCfg = Debug|x64
		{02C0186D-5A69-4846-8541-16A3ECC35BCB}.Debug|x64.Build.0 = Debug|x64
		{02C0186D-5A69-4846-8541-16A3ECC35BCB}.Debug|x86.ActiveCfg = Debug|Win32
		{02C0186D-5A69-4846-8541-16A3ECC35BCB}.Debug|x86.Build.0 = Debug|Win32
		{02C0186D-5A69-4846-8541-16A3ECC35BCB}.Release|x64.ActiveCfg = Release|x64
		{02C0186D-5A69-4846-8541-16A3ECC35BCB}.Release|x64.Build.0 = Release|x64
		{02C0186D-5A69-4846-8541-16A3ECC35BCB}.Release|x86.ActiveCfg = Release|Win32
		{02C0186D-5A69-4846-8541-16A3ECC35BCB}.Release|x86.Build.0 = Release|Win32
		{04D0DD1F-05B5-4B70-9A6A-0BAB9CB2002C}.Debug|x64.ActiveCfg = Debug|x64
		{04D0DD1F-05B5-4B70-9A6A-0BAB9CB2002C}.Debug|x64.Build.0 = Debug|x64
		{04D0DD1F-05B5-4B70-9A6A-0BAB9CB2002C}.Debug|x86.ActiveCfg = Debug|Win32
		{04D0DD1F-05B5-4B70-9A6A-0BAB9CB2002C}.Debug|x86.Build.0 = Debug|Win32
		{04D0DD1F-05B5-4B70-9A6A-0BAB9CB2002C}.Release|x64.ActiveCfg = Release|x64
		{04D0DD1F-05B5-4B70-9A6A-0BAB9CB2002C}.Release|x64.Build.0 = Release|x64
		{04D0DD1F-05B5-4B70-9A6A-0BAB9CB2002C}.Release|x86.ActiveCfg = Release|Win32
		{04D0DD1F-05B5-4B70-9A6A-0BAB9CB2002C}.Release|x86.Build.0 = Release|Win32
		{FA5FB9CC-E8BF-40CA-9481-E931BF06737A}.Debug|x64.ActiveCfg = Debug|x64
		{FA5FB9CC-E8BF-40CA-9481-E931BF06737A}.Debug|x64.Build.0 = Debug|x64
		{FA5FB9CC-E8BF-40CA-9481-E931BF06737A}.Debug|x86.ActiveCfg = Debug|Win32
		{FA5FB9CC-E8BF-40CA-9481-E931BF06737A}.Debug|x86.Build.0 = Debug|Win32
		{FA5FB9CC-E8BF-40CA-9481-E931BF06737A}.Release|x64.ActiveCfg = Release|x64
		{FA5FB9CC-E8BF-40CA-9481-E931BF06737A}.Release|x64.Build.0 = Release|x64
		{FA5FB9CC-E8BF-40CA-9481-E931BF06737A}.Release|x86.ActiveCfg = Release|Win32
		{FA5FB9CC-E8BF-40CA-9481-E931BF06737A}.Release|x86.Build.0 = Release|Win32
		{BC7691CC-8001-4AA8-B795-A16CE5F505C1}.Debug|x64.ActiveCfg = Debug|x64
		{BC7691CC-8001-4AA8-B795-A16CE5F505C1}.Debug|x64.Build.0 = Debug|x64
		{BC7691CC-8001-4AA8-B795-A16CE5F505C1}.Debug|x86.ActiveCfg = Debug|Win32
		{BC7691CC-8001-4AA8-B795-A16CE5F505C1}.Debug|x86.Build.0 = Debug|Win32
		{BC7691CC-8001-4AA8-B795-A16CE5F505C1}.Release|x64.ActiveCfg = Release|x64
		{BC7691CC-8001-4AA8-B795-A16CE5F505C1}.Release|x64.Build.0 = Release|x64
		{BC7691CC-8001-4AA8-B795-A16CE5F505C1}.Release|x86.ActiveCfg = Release|Win32
		{BC7691CC-8001-4AA8-B795-A16CE5F505C1}.Release|x86.Build.0 = Release|Win32
		{2AF95880-C888-489E-BF13-BC6EEE33B15F}.Debug|x64.ActiveCfg = Debug|x64
		{2AF95880-C888-489E-BF13-BC6EEE33B15F}.Debug|x64.Build.0 = Debug|x64
		{2AF95880-C888-489E-BF13-BC6EEE33B15F}.Debug|x86.ActiveCfg = Debug|Win32
		{2AF95880-C888-489E-BF13-BC6EEE33B15F}.Debug|x86.Build.0 = Debug|Win32
		{2AF95880-C888-489E-BF13-BC6EEE33B15F}.Release|x64.ActiveCfg = Release|x64
		{2AF95880-C888-489E-BF13-BC6EEE33B15F}.Release|x64.Build.0 = Release|x64
		{2AF95880-C888-489E-BF13-BC6EEE33B15F}.Release|x86.ActiveCfg = Release|Win32
		{2AF95880-C888-489E-BF13-BC6EEE33B15F}.Release|x86.Build.0 = Release|Win32
		{BA82A546-B1A1-4E30-B3AC-6BAB2C62DF2D}.Debug|x64.ActiveCfg = Debug|x64
		{BA82A546-B1A1-4E30-B3AC-6BAB2C62DF2D}.Debug|x64.Build.0 = Debug|x64
		{BA82A546-B1A1-4E30-B3AC-6BAB2C62DF2D}.Debug|x86.ActiveCfg = Debug|Win32
		{BA82A546-B1A1-4E30-B3AC-6BAB2C62DF2D}.Debug|x86.Build.0 = Debug|Win32
		{BA82A546-B1A1-4E30-B3AC-6BAB2C62DF2D}.Release|x64.ActiveCfg = Release|x64
		{BA82A546-B1A1-4E30-B3AC-6BAB2C62DF2D}.Release|x64.Build.0 = Release|x64
		{BA82A546-B1A1-4E30-B3AC-6BAB2C62DF2D}.Release|x86.ActiveCfg = Release|Win32
		{BA82A546-B1A1-4E30-B3AC-6BAB2C62DF2D}.Release|x86.Build.0 = Release|Win32
	EndGlobalSection
	GlobalSection(SolutionProperties) = preSolution
		HideSolutionNode = FALSE
	EndGlobalSection
	GlobalSection(ExtensibilityGlobals) = postSolution
		SolutionGuid = {B1606D82-32E8-48F2-A449-E9B844DDC9C7}
	EndGlobalSection
EndGlobal
