<?xml version="1.0" encoding="utf-8"?>
<Project ToolsVersion="4.0" xmlns="http://schemas.microsoft.com/developer/msbuild/2003">
  <ItemGroup>
    <ClCompile Include="Day17.cpp" />
    <ClCompile Include="IntComp.cpp" />
  </ItemGroup>
  <ItemGroup>
    <Text Include="Day17.txt" />
  </ItemGroup>
  <ItemGroup>
    <ClInclude Include="IntComp.h" />
  </ItemGroup>
</Project>